// !$*UTF8*$!
{
	archiveVersion = 1;
	classes = {
	};
	objectVersion = 46;
	objects = {

/* Begin PBXBuildFile section */
		01279A2F1EA4D9DF000505AA /* RouteKeys.swift in Sources */ = {isa = PBXBuildFile; fileRef = 01279A2E1EA4D9DF000505AA /* RouteKeys.swift */; };
		0137F1681EA2778100FCA949 /* AppDelegate.swift in Sources */ = {isa = PBXBuildFile; fileRef = 0137F14B1EA2778100FCA949 /* AppDelegate.swift */; };
		0137F16A1EA2778100FCA949 /* InfoPlist.strings in Resources */ = {isa = PBXBuildFile; fileRef = 0137F14D1EA2778100FCA949 /* InfoPlist.strings */; };
		0137F16C1EA2778100FCA949 /* Configurator.swift in Sources */ = {isa = PBXBuildFile; fileRef = 0137F1501EA2778100FCA949 /* Configurator.swift */; };
		0137F16D1EA2778100FCA949 /* CustomPin.swift in Sources */ = {isa = PBXBuildFile; fileRef = 0137F1511EA2778100FCA949 /* CustomPin.swift */; };
		0137F16E1EA2778100FCA949 /* LocationManager.swift in Sources */ = {isa = PBXBuildFile; fileRef = 0137F1521EA2778100FCA949 /* LocationManager.swift */; };
		0137F16F1EA2778100FCA949 /* StorageHelper.swift in Sources */ = {isa = PBXBuildFile; fileRef = 0137F1531EA2778100FCA949 /* StorageHelper.swift */; };
		0137F1701EA2778100FCA949 /* TrackPoint.swift in Sources */ = {isa = PBXBuildFile; fileRef = 0137F1541EA2778100FCA949 /* TrackPoint.swift */; };
		0137F1711EA2778100FCA949 /* User.swift in Sources */ = {isa = PBXBuildFile; fileRef = 0137F1551EA2778100FCA949 /* User.swift */; };
		0137F1741EA2778100FCA949 /* Localizable.strings in Resources */ = {isa = PBXBuildFile; fileRef = 0137F15A1EA2778100FCA949 /* Localizable.strings */; };
		0137F1791EA2778100FCA949 /* ConfigList.plist in Resources */ = {isa = PBXBuildFile; fileRef = 0137F1651EA2778100FCA949 /* ConfigList.plist */; };
		0137F17A1EA2778100FCA949 /* Info.plist in Resources */ = {isa = PBXBuildFile; fileRef = 0137F1661EA2778100FCA949 /* Info.plist */; };
		017A79B11EE6DE8A00AA5588 /* conditions.txt in Resources */ = {isa = PBXBuildFile; fileRef = 017A79B01EE6DE8A00AA5588 /* conditions.txt */; };
		019FF7191EE817A90061F8B7 /* Launch Screen.storyboard in Resources */ = {isa = PBXBuildFile; fileRef = 019FF7181EE817A90061F8B7 /* Launch Screen.storyboard */; };
		01FBE20A1EC3C603008903C1 /* Assets.xcassets in Resources */ = {isa = PBXBuildFile; fileRef = 01FBE2091EC3C603008903C1 /* Assets.xcassets */; };
		01FBE20E1EC3CC18008903C1 /* TrackingViewController.swift in Sources */ = {isa = PBXBuildFile; fileRef = 01FBE20D1EC3CC18008903C1 /* TrackingViewController.swift */; };
		0A259E621EBFBE950050AC0F /* Tracking.storyboard in Resources */ = {isa = PBXBuildFile; fileRef = 0A259E611EBFBE950050AC0F /* Tracking.storyboard */; };
		102F26911F4BD2AF001D9907 /* Settings.swift in Sources */ = {isa = PBXBuildFile; fileRef = 102F26901F4BD2AF001D9907 /* Settings.swift */; };
		108D1CC71F2569E100023F2D /* CreateProfileController.swift in Sources */ = {isa = PBXBuildFile; fileRef = 108D1CC61F2569E100023F2D /* CreateProfileController.swift */; };
		108D1CC91F256AED00023F2D /* ViewController.swift in Sources */ = {isa = PBXBuildFile; fileRef = 108D1CC81F256AED00023F2D /* ViewController.swift */; };
		10B2ABCB1F2553BA00847AA6 /* StartPage.storyboard in Resources */ = {isa = PBXBuildFile; fileRef = 10B2ABCA1F2553BA00847AA6 /* StartPage.storyboard */; };
		10B2ABCD1F2553F000847AA6 /* TermConditionsViewController.swift in Sources */ = {isa = PBXBuildFile; fileRef = 10B2ABCC1F2553F000847AA6 /* TermConditionsViewController.swift */; };
		10B9D4D31EC6144100CC7027 /* TourViewController.swift in Sources */ = {isa = PBXBuildFile; fileRef = 10B9D4D21EC6144100CC7027 /* TourViewController.swift */; };
		10B9D4D51EC6144900CC7027 /* FirstLogInViewController.swift in Sources */ = {isa = PBXBuildFile; fileRef = 10B9D4D41EC6144900CC7027 /* FirstLogInViewController.swift */; };
		10B9D4D71EC6145100CC7027 /* StartPageViewController.swift in Sources */ = {isa = PBXBuildFile; fileRef = 10B9D4D61EC6145100CC7027 /* StartPageViewController.swift */; };
		10B9D4E31EC614A000CC7027 /* Button.swift in Sources */ = {isa = PBXBuildFile; fileRef = 10B9D4DD1EC614A000CC7027 /* Button.swift */; };
		10B9D4E41EC614A000CC7027 /* Color.swift in Sources */ = {isa = PBXBuildFile; fileRef = 10B9D4DE1EC614A000CC7027 /* Color.swift */; };
		10B9D4E51EC614A000CC7027 /* CornerView.swift in Sources */ = {isa = PBXBuildFile; fileRef = 10B9D4DF1EC614A000CC7027 /* CornerView.swift */; };
		10B9D4E61EC614A000CC7027 /* Inspectable.swift in Sources */ = {isa = PBXBuildFile; fileRef = 10B9D4E01EC614A000CC7027 /* Inspectable.swift */; };
		10B9D4E71EC614A000CC7027 /* LocalizationExtensions.swift in Sources */ = {isa = PBXBuildFile; fileRef = 10B9D4E11EC614A000CC7027 /* LocalizationExtensions.swift */; };
		373490441F3492F3005BA684 /* RouteLineAnnotation.swift in Sources */ = {isa = PBXBuildFile; fileRef = 373490431F3492F3005BA684 /* RouteLineAnnotation.swift */; };
		3734A7531EB27BE900970749 /* CoreLocation.framework in Frameworks */ = {isa = PBXBuildFile; fileRef = 3734A7521EB27BE900970749 /* CoreLocation.framework */; };
		375A69191F545184006D7EB2 /* StatisticsViewController.swift in Sources */ = {isa = PBXBuildFile; fileRef = 375A69181F545184006D7EB2 /* StatisticsViewController.swift */; };
		3777CBA81F2A20DF006240E1 /* RouteTableCell.swift in Sources */ = {isa = PBXBuildFile; fileRef = 3777CBA71F2A20DF006240E1 /* RouteTableCell.swift */; };
		37B601F31EB0B68000870844 /* Montserrat-Black.otf in Resources */ = {isa = PBXBuildFile; fileRef = 37B601E11EB0B68000870844 /* Montserrat-Black.otf */; };
		37B601F41EB0B68000870844 /* Montserrat-Bold.otf in Resources */ = {isa = PBXBuildFile; fileRef = 37B601E21EB0B68000870844 /* Montserrat-Bold.otf */; };
		37B601F51EB0B68000870844 /* Montserrat-ExtraBold.otf in Resources */ = {isa = PBXBuildFile; fileRef = 37B601E31EB0B68000870844 /* Montserrat-ExtraBold.otf */; };
		37B601F61EB0B68000870844 /* Montserrat-ExtraLight.otf in Resources */ = {isa = PBXBuildFile; fileRef = 37B601E41EB0B68000870844 /* Montserrat-ExtraLight.otf */; };
		37B601F71EB0B68000870844 /* Montserrat-Light.otf in Resources */ = {isa = PBXBuildFile; fileRef = 37B601E51EB0B68000870844 /* Montserrat-Light.otf */; };
		37B601F81EB0B68000870844 /* Montserrat-Medium.otf in Resources */ = {isa = PBXBuildFile; fileRef = 37B601E61EB0B68000870844 /* Montserrat-Medium.otf */; };
		37B601F91EB0B68000870844 /* Montserrat-Regular.otf in Resources */ = {isa = PBXBuildFile; fileRef = 37B601E71EB0B68000870844 /* Montserrat-Regular.otf */; };
		37B601FA1EB0B68000870844 /* Montserrat-SemiBold.otf in Resources */ = {isa = PBXBuildFile; fileRef = 37B601E81EB0B68000870844 /* Montserrat-SemiBold.otf */; };
		37B601FB1EB0B68000870844 /* Montserrat-Thin.otf in Resources */ = {isa = PBXBuildFile; fileRef = 37B601E91EB0B68000870844 /* Montserrat-Thin.otf */; };
		37B6D7D81EB0C1B700CAB733 /* MarksRoutesViewController.swift in Sources */ = {isa = PBXBuildFile; fileRef = 37B6D7D71EB0C1B700CAB733 /* MarksRoutesViewController.swift */; };
		37F2FF3D1EB24AEE00ECF6C6 /* RouteReport.swift in Sources */ = {isa = PBXBuildFile; fileRef = 37F2FF3B1EB24AEE00ECF6C6 /* RouteReport.swift */; };
		37F5B7121EBA3910006D8260 /* EditProfileViewController.swift in Sources */ = {isa = PBXBuildFile; fileRef = 37F5B7111EBA3910006D8260 /* EditProfileViewController.swift */; };
		3C25A6B12A0E80E326033B52 /* Pods_MRNBike.framework in Frameworks */ = {isa = PBXBuildFile; fileRef = 130860630B622C376A527D21 /* Pods_MRNBike.framework */; };
		491EC51B1DE441430077BF82 /* MapKit.framework in Frameworks */ = {isa = PBXBuildFile; fileRef = 491EC51A1DE441430077BF82 /* MapKit.framework */; };
		4E046DDA1EFC77F100187B23 /* Routes.storyboard in Resources */ = {isa = PBXBuildFile; fileRef = 4E046DD91EFC77F100187B23 /* Routes.storyboard */; };
		4E209F6E1F534E9700A4773B /* FriendTableViewCell.swift in Sources */ = {isa = PBXBuildFile; fileRef = 4E209F6D1F534E9700A4773B /* FriendTableViewCell.swift */; };
		4E5841FF1EDDBA8700FF1CF6 /* KeyChainService.swift in Sources */ = {isa = PBXBuildFile; fileRef = 4E5841FE1EDDBA8700FF1CF6 /* KeyChainService.swift */; };
		4E60E1321EB5CD7F00D96BD1 /* RadioButtonClass.swift in Sources */ = {isa = PBXBuildFile; fileRef = 4E60E1311EB5CD7F00D96BD1 /* RadioButtonClass.swift */; };
		4E7F36C61F55BCBA002220B5 /* FriendListViewController.swift in Sources */ = {isa = PBXBuildFile; fileRef = 4E7F36C51F55BCBA002220B5 /* FriendListViewController.swift */; };
		4E7F36C81F55BEA2002220B5 /* Credentials.json in Resources */ = {isa = PBXBuildFile; fileRef = 4E7F36C71F55BEA2002220B5 /* Credentials.json */; };
		4E975A541EB49BC500D3765C /* AddReportViewController.swift in Sources */ = {isa = PBXBuildFile; fileRef = 4E975A531EB49BC500D3765C /* AddReportViewController.swift */; };
		4EAF10B61F531F410000B70D /* SocialViewController.swift in Sources */ = {isa = PBXBuildFile; fileRef = 4EAF10B51F531F410000B70D /* SocialViewController.swift */; };
		4EAF10B81F5323300000B70D /* Friend.swift in Sources */ = {isa = PBXBuildFile; fileRef = 4EAF10B71F5323300000B70D /* Friend.swift */; };
		4EDDE2551F10DA9E00AFB0FA /* UIAlertCreator.swift in Sources */ = {isa = PBXBuildFile; fileRef = 4EDDE2541F10DA9E00AFB0FA /* UIAlertCreator.swift */; };
		4EE64FA41F04579E00758004 /* SessionFactory.swift in Sources */ = {isa = PBXBuildFile; fileRef = 4EE64FA31F04579E00758004 /* SessionFactory.swift */; };
		4EE64FA61F04583A00758004 /* ClientService.swift in Sources */ = {isa = PBXBuildFile; fileRef = 4EE64FA51F04583A00758004 /* ClientService.swift */; };
		D20CB72B1EBE25930029007C /* TabBarViewController.swift in Sources */ = {isa = PBXBuildFile; fileRef = D20CB72A1EBE25930029007C /* TabBarViewController.swift */; };
		D25F5ACE1EAFF5C900850388 /* Home.storyboard in Resources */ = {isa = PBXBuildFile; fileRef = D25F5ACD1EAFF5C900850388 /* Home.storyboard */; };
		D25F5AD01EAFF6A000850388 /* Statistics.storyboard in Resources */ = {isa = PBXBuildFile; fileRef = D25F5ACF1EAFF6A000850388 /* Statistics.storyboard */; };
		D25F5AD31EAFF76400850388 /* Profile.storyboard in Resources */ = {isa = PBXBuildFile; fileRef = D25F5AD21EAFF76400850388 /* Profile.storyboard */; };
		D25F5AD71EAFF7B700850388 /* Social.storyboard in Resources */ = {isa = PBXBuildFile; fileRef = D25F5AD61EAFF7B700850388 /* Social.storyboard */; };
		D25F5ADB1EAFFFCD00850388 /* Settings.storyboard in Resources */ = {isa = PBXBuildFile; fileRef = D25F5ADA1EAFFFCD00850388 /* Settings.storyboard */; };
		D29A94671ED0D06E002F619D /* HomeViewController.swift in Sources */ = {isa = PBXBuildFile; fileRef = D29A94661ED0D06E002F619D /* HomeViewController.swift */; };
		D2D955A61EBD0C3B00E5CACE /* UIImage+color.swift in Sources */ = {isa = PBXBuildFile; fileRef = D2D955A51EBD0C3B00E5CACE /* UIImage+color.swift */; };
/* End PBXBuildFile section */

/* Begin PBXFileReference section */
		01279A2E1EA4D9DF000505AA /* RouteKeys.swift */ = {isa = PBXFileReference; fileEncoding = 4; lastKnownFileType = sourcecode.swift; path = RouteKeys.swift; sourceTree = "<group>"; };
		0137F14B1EA2778100FCA949 /* AppDelegate.swift */ = {isa = PBXFileReference; fileEncoding = 4; lastKnownFileType = sourcecode.swift; path = AppDelegate.swift; sourceTree = "<group>"; };
		0137F14D1EA2778100FCA949 /* InfoPlist.strings */ = {isa = PBXFileReference; fileEncoding = 4; lastKnownFileType = text.plist.strings; name = InfoPlist.strings; path = ../InfoPlist.strings; sourceTree = "<group>"; };
		0137F1501EA2778100FCA949 /* Configurator.swift */ = {isa = PBXFileReference; fileEncoding = 4; lastKnownFileType = sourcecode.swift; path = Configurator.swift; sourceTree = "<group>"; };
		0137F1511EA2778100FCA949 /* CustomPin.swift */ = {isa = PBXFileReference; fileEncoding = 4; lastKnownFileType = sourcecode.swift; path = CustomPin.swift; sourceTree = "<group>"; };
		0137F1521EA2778100FCA949 /* LocationManager.swift */ = {isa = PBXFileReference; fileEncoding = 4; lastKnownFileType = sourcecode.swift; path = LocationManager.swift; sourceTree = "<group>"; };
		0137F1531EA2778100FCA949 /* StorageHelper.swift */ = {isa = PBXFileReference; fileEncoding = 4; lastKnownFileType = sourcecode.swift; path = StorageHelper.swift; sourceTree = "<group>"; };
		0137F1541EA2778100FCA949 /* TrackPoint.swift */ = {isa = PBXFileReference; fileEncoding = 4; lastKnownFileType = sourcecode.swift; path = TrackPoint.swift; sourceTree = "<group>"; };
		0137F1551EA2778100FCA949 /* User.swift */ = {isa = PBXFileReference; fileEncoding = 4; lastKnownFileType = sourcecode.swift; path = User.swift; sourceTree = "<group>"; };
		0137F15B1EA2778100FCA949 /* Base */ = {isa = PBXFileReference; lastKnownFileType = text.plist.strings; name = Base; path = Base.lproj/Localizable.strings; sourceTree = "<group>"; };
		0137F1601EA2778100FCA949 /* de */ = {isa = PBXFileReference; lastKnownFileType = text.plist.strings; name = de; path = de.lproj/Localizable.strings; sourceTree = "<group>"; };
		0137F1651EA2778100FCA949 /* ConfigList.plist */ = {isa = PBXFileReference; fileEncoding = 4; lastKnownFileType = text.plist.xml; path = ConfigList.plist; sourceTree = "<group>"; };
		0137F1661EA2778100FCA949 /* Info.plist */ = {isa = PBXFileReference; fileEncoding = 4; lastKnownFileType = text.plist.xml; path = Info.plist; sourceTree = "<group>"; };
		017A79B01EE6DE8A00AA5588 /* conditions.txt */ = {isa = PBXFileReference; fileEncoding = 4; lastKnownFileType = text; path = conditions.txt; sourceTree = "<group>"; };
		019FF7181EE817A90061F8B7 /* Launch Screen.storyboard */ = {isa = PBXFileReference; fileEncoding = 4; lastKnownFileType = file.storyboard; path = "Launch Screen.storyboard"; sourceTree = "<group>"; };
		01FBE2091EC3C603008903C1 /* Assets.xcassets */ = {isa = PBXFileReference; lastKnownFileType = folder.assetcatalog; name = Assets.xcassets; path = ../Resources/Assets.xcassets; sourceTree = "<group>"; };
		01FBE20D1EC3CC18008903C1 /* TrackingViewController.swift */ = {isa = PBXFileReference; fileEncoding = 4; lastKnownFileType = sourcecode.swift; path = TrackingViewController.swift; sourceTree = "<group>"; };
		0A259E611EBFBE950050AC0F /* Tracking.storyboard */ = {isa = PBXFileReference; fileEncoding = 4; lastKnownFileType = file.storyboard; name = Tracking.storyboard; path = Resources/Tracking.storyboard; sourceTree = "<group>"; };
		102F26901F4BD2AF001D9907 /* Settings.swift */ = {isa = PBXFileReference; fileEncoding = 4; lastKnownFileType = sourcecode.swift; path = Settings.swift; sourceTree = "<group>"; };
		108D1CC61F2569E100023F2D /* CreateProfileController.swift */ = {isa = PBXFileReference; fileEncoding = 4; lastKnownFileType = sourcecode.swift; path = CreateProfileController.swift; sourceTree = "<group>"; };
		108D1CC81F256AED00023F2D /* ViewController.swift */ = {isa = PBXFileReference; fileEncoding = 4; lastKnownFileType = sourcecode.swift; path = ViewController.swift; sourceTree = "<group>"; };
		10B2ABCA1F2553BA00847AA6 /* StartPage.storyboard */ = {isa = PBXFileReference; fileEncoding = 4; lastKnownFileType = file.storyboard; path = StartPage.storyboard; sourceTree = "<group>"; };
		10B2ABCC1F2553F000847AA6 /* TermConditionsViewController.swift */ = {isa = PBXFileReference; fileEncoding = 4; lastKnownFileType = sourcecode.swift; path = TermConditionsViewController.swift; sourceTree = "<group>"; };
		10B9D4D21EC6144100CC7027 /* TourViewController.swift */ = {isa = PBXFileReference; fileEncoding = 4; lastKnownFileType = sourcecode.swift; name = TourViewController.swift; path = Resources/TourViewController.swift; sourceTree = "<group>"; };
		10B9D4D41EC6144900CC7027 /* FirstLogInViewController.swift */ = {isa = PBXFileReference; fileEncoding = 4; lastKnownFileType = sourcecode.swift; name = FirstLogInViewController.swift; path = Resources/FirstLogInViewController.swift; sourceTree = "<group>"; };
		10B9D4D61EC6145100CC7027 /* StartPageViewController.swift */ = {isa = PBXFileReference; fileEncoding = 4; lastKnownFileType = sourcecode.swift; name = StartPageViewController.swift; path = Resources/StartPageViewController.swift; sourceTree = "<group>"; };
		10B9D4DD1EC614A000CC7027 /* Button.swift */ = {isa = PBXFileReference; fileEncoding = 4; lastKnownFileType = sourcecode.swift; path = Button.swift; sourceTree = "<group>"; };
		10B9D4DE1EC614A000CC7027 /* Color.swift */ = {isa = PBXFileReference; fileEncoding = 4; lastKnownFileType = sourcecode.swift; path = Color.swift; sourceTree = "<group>"; };
		10B9D4DF1EC614A000CC7027 /* CornerView.swift */ = {isa = PBXFileReference; fileEncoding = 4; lastKnownFileType = sourcecode.swift; path = CornerView.swift; sourceTree = "<group>"; };
		10B9D4E01EC614A000CC7027 /* Inspectable.swift */ = {isa = PBXFileReference; fileEncoding = 4; lastKnownFileType = sourcecode.swift; path = Inspectable.swift; sourceTree = "<group>"; };
		10B9D4E11EC614A000CC7027 /* LocalizationExtensions.swift */ = {isa = PBXFileReference; fileEncoding = 4; lastKnownFileType = sourcecode.swift; path = LocalizationExtensions.swift; sourceTree = "<group>"; };
		130860630B622C376A527D21 /* Pods_MRNBike.framework */ = {isa = PBXFileReference; explicitFileType = wrapper.framework; includeInIndex = 0; path = Pods_MRNBike.framework; sourceTree = BUILT_PRODUCTS_DIR; };
		2E5E7D50E0D2BAE34AB25AFA /* Pods-MRNBike.debug.xcconfig */ = {isa = PBXFileReference; includeInIndex = 1; lastKnownFileType = text.xcconfig; name = "Pods-MRNBike.debug.xcconfig"; path = "Pods/Target Support Files/Pods-MRNBike/Pods-MRNBike.debug.xcconfig"; sourceTree = "<group>"; };
		373490431F3492F3005BA684 /* RouteLineAnnotation.swift */ = {isa = PBXFileReference; fileEncoding = 4; lastKnownFileType = sourcecode.swift; path = RouteLineAnnotation.swift; sourceTree = "<group>"; };
		3734A7521EB27BE900970749 /* CoreLocation.framework */ = {isa = PBXFileReference; lastKnownFileType = wrapper.framework; name = CoreLocation.framework; path = System/Library/Frameworks/CoreLocation.framework; sourceTree = SDKROOT; };
		375A69181F545184006D7EB2 /* StatisticsViewController.swift */ = {isa = PBXFileReference; fileEncoding = 4; lastKnownFileType = sourcecode.swift; path = StatisticsViewController.swift; sourceTree = "<group>"; };
		3777CBA71F2A20DF006240E1 /* RouteTableCell.swift */ = {isa = PBXFileReference; fileEncoding = 4; lastKnownFileType = sourcecode.swift; path = RouteTableCell.swift; sourceTree = "<group>"; };
		37B601E11EB0B68000870844 /* Montserrat-Black.otf */ = {isa = PBXFileReference; lastKnownFileType = file; path = "Montserrat-Black.otf"; sourceTree = "<group>"; };
		37B601E21EB0B68000870844 /* Montserrat-Bold.otf */ = {isa = PBXFileReference; lastKnownFileType = file; path = "Montserrat-Bold.otf"; sourceTree = "<group>"; };
		37B601E31EB0B68000870844 /* Montserrat-ExtraBold.otf */ = {isa = PBXFileReference; lastKnownFileType = file; path = "Montserrat-ExtraBold.otf"; sourceTree = "<group>"; };
		37B601E41EB0B68000870844 /* Montserrat-ExtraLight.otf */ = {isa = PBXFileReference; lastKnownFileType = file; path = "Montserrat-ExtraLight.otf"; sourceTree = "<group>"; };
		37B601E51EB0B68000870844 /* Montserrat-Light.otf */ = {isa = PBXFileReference; lastKnownFileType = file; path = "Montserrat-Light.otf"; sourceTree = "<group>"; };
		37B601E61EB0B68000870844 /* Montserrat-Medium.otf */ = {isa = PBXFileReference; lastKnownFileType = file; path = "Montserrat-Medium.otf"; sourceTree = "<group>"; };
		37B601E71EB0B68000870844 /* Montserrat-Regular.otf */ = {isa = PBXFileReference; lastKnownFileType = file; path = "Montserrat-Regular.otf"; sourceTree = "<group>"; };
		37B601E81EB0B68000870844 /* Montserrat-SemiBold.otf */ = {isa = PBXFileReference; lastKnownFileType = file; path = "Montserrat-SemiBold.otf"; sourceTree = "<group>"; };
		37B601E91EB0B68000870844 /* Montserrat-Thin.otf */ = {isa = PBXFileReference; lastKnownFileType = file; path = "Montserrat-Thin.otf"; sourceTree = "<group>"; };
		37B6D7D71EB0C1B700CAB733 /* MarksRoutesViewController.swift */ = {isa = PBXFileReference; fileEncoding = 4; lastKnownFileType = sourcecode.swift; path = MarksRoutesViewController.swift; sourceTree = "<group>"; };
		37F2FF3B1EB24AEE00ECF6C6 /* RouteReport.swift */ = {isa = PBXFileReference; fileEncoding = 4; lastKnownFileType = sourcecode.swift; name = RouteReport.swift; path = MRNBike/RouteReport.swift; sourceTree = SOURCE_ROOT; };
		37F5B7111EBA3910006D8260 /* EditProfileViewController.swift */ = {isa = PBXFileReference; fileEncoding = 4; lastKnownFileType = sourcecode.swift; path = EditProfileViewController.swift; sourceTree = "<group>"; };
		491EC5021DE421940077BF82 /* MRNBike.app */ = {isa = PBXFileReference; explicitFileType = wrapper.application; includeInIndex = 0; path = MRNBike.app; sourceTree = BUILT_PRODUCTS_DIR; };
		491EC51A1DE441430077BF82 /* MapKit.framework */ = {isa = PBXFileReference; lastKnownFileType = wrapper.framework; name = MapKit.framework; path = System/Library/Frameworks/MapKit.framework; sourceTree = SDKROOT; };
		493173EE1DED7CB0007D4A74 /* libsqlite3.tbd */ = {isa = PBXFileReference; lastKnownFileType = "sourcecode.text-based-dylib-definition"; name = libsqlite3.tbd; path = usr/lib/libsqlite3.tbd; sourceTree = SDKROOT; };
		493173F51DEDA5D2007D4A74 /* libsqlite3.0.tbd */ = {isa = PBXFileReference; lastKnownFileType = "sourcecode.text-based-dylib-definition"; name = libsqlite3.0.tbd; path = usr/lib/libsqlite3.0.tbd; sourceTree = SDKROOT; };
		4E046DD91EFC77F100187B23 /* Routes.storyboard */ = {isa = PBXFileReference; fileEncoding = 4; lastKnownFileType = file.storyboard; path = Routes.storyboard; sourceTree = "<group>"; };
		4E209F6D1F534E9700A4773B /* FriendTableViewCell.swift */ = {isa = PBXFileReference; fileEncoding = 4; lastKnownFileType = sourcecode.swift; path = FriendTableViewCell.swift; sourceTree = "<group>"; };
		4E5841FE1EDDBA8700FF1CF6 /* KeyChainService.swift */ = {isa = PBXFileReference; fileEncoding = 4; lastKnownFileType = sourcecode.swift; path = KeyChainService.swift; sourceTree = "<group>"; };
		4E60E1311EB5CD7F00D96BD1 /* RadioButtonClass.swift */ = {isa = PBXFileReference; fileEncoding = 4; lastKnownFileType = sourcecode.swift; name = RadioButtonClass.swift; path = ../RadioButtonClass.swift; sourceTree = "<group>"; };
		4E7F36C51F55BCBA002220B5 /* FriendListViewController.swift */ = {isa = PBXFileReference; fileEncoding = 4; lastKnownFileType = sourcecode.swift; path = FriendListViewController.swift; sourceTree = "<group>"; };
		4E7F36C71F55BEA2002220B5 /* Credentials.json */ = {isa = PBXFileReference; fileEncoding = 4; lastKnownFileType = text.json; path = Credentials.json; sourceTree = "<group>"; };
		4E975A531EB49BC500D3765C /* AddReportViewController.swift */ = {isa = PBXFileReference; fileEncoding = 4; lastKnownFileType = sourcecode.swift; path = AddReportViewController.swift; sourceTree = "<group>"; };
		4EAF10B51F531F410000B70D /* SocialViewController.swift */ = {isa = PBXFileReference; fileEncoding = 4; lastKnownFileType = sourcecode.swift; path = SocialViewController.swift; sourceTree = "<group>"; };
		4EAF10B71F5323300000B70D /* Friend.swift */ = {isa = PBXFileReference; fileEncoding = 4; lastKnownFileType = sourcecode.swift; path = Friend.swift; sourceTree = "<group>"; };
		4EDDE2541F10DA9E00AFB0FA /* UIAlertCreator.swift */ = {isa = PBXFileReference; fileEncoding = 4; lastKnownFileType = sourcecode.swift; path = UIAlertCreator.swift; sourceTree = "<group>"; };
		4EE64FA31F04579E00758004 /* SessionFactory.swift */ = {isa = PBXFileReference; fileEncoding = 4; lastKnownFileType = sourcecode.swift; path = SessionFactory.swift; sourceTree = "<group>"; };
		4EE64FA51F04583A00758004 /* ClientService.swift */ = {isa = PBXFileReference; fileEncoding = 4; lastKnownFileType = sourcecode.swift; path = ClientService.swift; sourceTree = "<group>"; };
		4EEF5E941F51F0DC003F092E /* Credentials.json */ = {isa = PBXFileReference; fileEncoding = 4; lastKnownFileType = text.json; path = Credentials.json; sourceTree = "<group>"; };
		BAE0D720096135AB1467DB8D /* Pods-MRNBike.release.xcconfig */ = {isa = PBXFileReference; includeInIndex = 1; lastKnownFileType = text.xcconfig; name = "Pods-MRNBike.release.xcconfig"; path = "Pods/Target Support Files/Pods-MRNBike/Pods-MRNBike.release.xcconfig"; sourceTree = "<group>"; };
		D20CB72A1EBE25930029007C /* TabBarViewController.swift */ = {isa = PBXFileReference; fileEncoding = 4; lastKnownFileType = sourcecode.swift; name = TabBarViewController.swift; path = Resources/TabBarViewController.swift; sourceTree = "<group>"; };
		D25F5ACD1EAFF5C900850388 /* Home.storyboard */ = {isa = PBXFileReference; fileEncoding = 4; lastKnownFileType = file.storyboard; name = Home.storyboard; path = Resources/Home.storyboard; sourceTree = "<group>"; };
		D25F5ACF1EAFF6A000850388 /* Statistics.storyboard */ = {isa = PBXFileReference; fileEncoding = 4; lastKnownFileType = file.storyboard; name = Statistics.storyboard; path = Resources/Statistics.storyboard; sourceTree = "<group>"; };
		D25F5AD21EAFF76400850388 /* Profile.storyboard */ = {isa = PBXFileReference; fileEncoding = 4; lastKnownFileType = file.storyboard; name = Profile.storyboard; path = Resources/Profile.storyboard; sourceTree = "<group>"; };
		D25F5AD61EAFF7B700850388 /* Social.storyboard */ = {isa = PBXFileReference; fileEncoding = 4; lastKnownFileType = file.storyboard; name = Social.storyboard; path = Resources/Social.storyboard; sourceTree = "<group>"; };
		D25F5ADA1EAFFFCD00850388 /* Settings.storyboard */ = {isa = PBXFileReference; fileEncoding = 4; lastKnownFileType = file.storyboard; name = Settings.storyboard; path = Resources/Settings.storyboard; sourceTree = "<group>"; };
		D29A94661ED0D06E002F619D /* HomeViewController.swift */ = {isa = PBXFileReference; fileEncoding = 4; lastKnownFileType = sourcecode.swift; name = HomeViewController.swift; path = Resources/HomeViewController.swift; sourceTree = "<group>"; };
		D2D955A51EBD0C3B00E5CACE /* UIImage+color.swift */ = {isa = PBXFileReference; fileEncoding = 4; lastKnownFileType = sourcecode.swift; name = "UIImage+color.swift"; path = "../UIImage+color.swift"; sourceTree = "<group>"; };
/* End PBXFileReference section */

/* Begin PBXFrameworksBuildPhase section */
		491EC4FF1DE421940077BF82 /* Frameworks */ = {
			isa = PBXFrameworksBuildPhase;
			buildActionMask = 2147483647;
			files = (
				3734A7531EB27BE900970749 /* CoreLocation.framework in Frameworks */,
				491EC51B1DE441430077BF82 /* MapKit.framework in Frameworks */,
				3C25A6B12A0E80E326033B52 /* Pods_MRNBike.framework in Frameworks */,
			);
			runOnlyForDeploymentPostprocessing = 0;
		};
/* End PBXFrameworksBuildPhase section */

/* Begin PBXGroup section */
		0137F14A1EA2778100FCA949 /* MRNBike */ = {
			isa = PBXGroup;
			children = (
				0137F14B1EA2778100FCA949 /* AppDelegate.swift */,
				4E36BA271ED73B4B0022704C /* LandingScreen */,
				4E36BA261ED73ACF0022704C /* Home */,
				4E36BA281ED73C8B0022704C /* Profile */,
				4E36BA291ED73CE20022704C /* Tracking */,
				4E36BA251ED7390B0022704C /* Marks&Routes */,
				4E36BA2A1ED73E090022704C /* Statistics */,
				0137F14F1EA2778100FCA949 /* Model */,
				4E36BA2B1ED73E2A0022704C /* Social */,
				4E36BA2C1ED73E680022704C /* Settings */,
				4EE64FA21F04577A00758004 /* Networking */,
				10B9D4DB1EC6149000CC7027 /* Extension */,
				0137F1641EA2778100FCA949 /* SupportingFiles */,
			);
			path = MRNBike;
			sourceTree = "<group>";
		};
		0137F14F1EA2778100FCA949 /* Model */ = {
			isa = PBXGroup;
			children = (
				0137F1501EA2778100FCA949 /* Configurator.swift */,
				0137F1511EA2778100FCA949 /* CustomPin.swift */,
				0137F1521EA2778100FCA949 /* LocationManager.swift */,
				0137F1531EA2778100FCA949 /* StorageHelper.swift */,
				0137F1541EA2778100FCA949 /* TrackPoint.swift */,
				0137F1551EA2778100FCA949 /* User.swift */,
				01279A2E1EA4D9DF000505AA /* RouteKeys.swift */,
				4E5841FE1EDDBA8700FF1CF6 /* KeyChainService.swift */,
				4EDDE2541F10DA9E00AFB0FA /* UIAlertCreator.swift */,
			);
			path = Model;
			sourceTree = "<group>";
		};
		0137F1641EA2778100FCA949 /* SupportingFiles */ = {
			isa = PBXGroup;
			children = (
				01FBE2091EC3C603008903C1 /* Assets.xcassets */,
				37B601E01EB0B66A00870844 /* Fonts */,
				0137F1651EA2778100FCA949 /* ConfigList.plist */,
				0137F1661EA2778100FCA949 /* Info.plist */,
				0137F14D1EA2778100FCA949 /* InfoPlist.strings */,
				0137F15A1EA2778100FCA949 /* Localizable.strings */,
				017A79B01EE6DE8A00AA5588 /* conditions.txt */,
				4E7F36C71F55BEA2002220B5 /* Credentials.json */,
			);
			path = SupportingFiles;
			sourceTree = "<group>";
		};
		10B9D4DB1EC6149000CC7027 /* Extension */ = {
			isa = PBXGroup;
			children = (
				108D1CC81F256AED00023F2D /* ViewController.swift */,
				D2D955A51EBD0C3B00E5CACE /* UIImage+color.swift */,
				10B9D4DD1EC614A000CC7027 /* Button.swift */,
				4E60E1311EB5CD7F00D96BD1 /* RadioButtonClass.swift */,
				10B9D4DE1EC614A000CC7027 /* Color.swift */,
				10B9D4DF1EC614A000CC7027 /* CornerView.swift */,
				10B9D4E01EC614A000CC7027 /* Inspectable.swift */,
				10B9D4E11EC614A000CC7027 /* LocalizationExtensions.swift */,
			);
			name = Extension;
			path = Resources;
			sourceTree = "<group>";
		};
		37B601E01EB0B66A00870844 /* Fonts */ = {
			isa = PBXGroup;
			children = (
				37B601E11EB0B68000870844 /* Montserrat-Black.otf */,
				37B601E21EB0B68000870844 /* Montserrat-Bold.otf */,
				37B601E31EB0B68000870844 /* Montserrat-ExtraBold.otf */,
				37B601E41EB0B68000870844 /* Montserrat-ExtraLight.otf */,
				37B601E51EB0B68000870844 /* Montserrat-Light.otf */,
				37B601E61EB0B68000870844 /* Montserrat-Medium.otf */,
				37B601E71EB0B68000870844 /* Montserrat-Regular.otf */,
				37B601E81EB0B68000870844 /* Montserrat-SemiBold.otf */,
				37B601E91EB0B68000870844 /* Montserrat-Thin.otf */,
			);
			name = Fonts;
			path = ../Resources/Fonts;
			sourceTree = "<group>";
		};
		4465D6E66E9EDB3AB8CF9EC9 /* Pods */ = {
			isa = PBXGroup;
			children = (
				2E5E7D50E0D2BAE34AB25AFA /* Pods-MRNBike.debug.xcconfig */,
				BAE0D720096135AB1467DB8D /* Pods-MRNBike.release.xcconfig */,
			);
			name = Pods;
			sourceTree = "<group>";
		};
		491EC4F91DE421940077BF82 = {
			isa = PBXGroup;
			children = (
				0137F14A1EA2778100FCA949 /* MRNBike */,
				491EC5031DE421940077BF82 /* Products */,
				491EC5191DE441430077BF82 /* Frameworks */,
				4465D6E66E9EDB3AB8CF9EC9 /* Pods */,
			);
			sourceTree = "<group>";
		};
		491EC5031DE421940077BF82 /* Products */ = {
			isa = PBXGroup;
			children = (
				491EC5021DE421940077BF82 /* MRNBike.app */,
			);
			name = Products;
			sourceTree = "<group>";
		};
		491EC5191DE441430077BF82 /* Frameworks */ = {
			isa = PBXGroup;
			children = (
				3734A7521EB27BE900970749 /* CoreLocation.framework */,
				493173F51DEDA5D2007D4A74 /* libsqlite3.0.tbd */,
				493173EE1DED7CB0007D4A74 /* libsqlite3.tbd */,
				491EC51A1DE441430077BF82 /* MapKit.framework */,
				130860630B622C376A527D21 /* Pods_MRNBike.framework */,
			);
			name = Frameworks;
			sourceTree = "<group>";
		};
		4E36BA251ED7390B0022704C /* Marks&Routes */ = {
			isa = PBXGroup;
			children = (
				4E046DD91EFC77F100187B23 /* Routes.storyboard */,
				37B6D7D71EB0C1B700CAB733 /* MarksRoutesViewController.swift */,
				37F2FF3B1EB24AEE00ECF6C6 /* RouteReport.swift */,
				373490431F3492F3005BA684 /* RouteLineAnnotation.swift */,
				4E975A531EB49BC500D3765C /* AddReportViewController.swift */,
				3777CBA71F2A20DF006240E1 /* RouteTableCell.swift */,
			);
			name = "Marks&Routes";
			sourceTree = "<group>";
		};
		4E36BA261ED73ACF0022704C /* Home */ = {
			isa = PBXGroup;
			children = (
				D25F5ACD1EAFF5C900850388 /* Home.storyboard */,
				D29A94661ED0D06E002F619D /* HomeViewController.swift */,
				D20CB72A1EBE25930029007C /* TabBarViewController.swift */,
			);
			name = Home;
			sourceTree = "<group>";
		};
		4E36BA271ED73B4B0022704C /* LandingScreen */ = {
			isa = PBXGroup;
			children = (
				10B2ABCA1F2553BA00847AA6 /* StartPage.storyboard */,
				10B9D4D41EC6144900CC7027 /* FirstLogInViewController.swift */,
				108D1CC61F2569E100023F2D /* CreateProfileController.swift */,
				10B2ABCC1F2553F000847AA6 /* TermConditionsViewController.swift */,
				10B9D4D21EC6144100CC7027 /* TourViewController.swift */,
				10B9D4D61EC6145100CC7027 /* StartPageViewController.swift */,
				019FF7181EE817A90061F8B7 /* Launch Screen.storyboard */,
			);
			name = LandingScreen;
			sourceTree = "<group>";
		};
		4E36BA281ED73C8B0022704C /* Profile */ = {
			isa = PBXGroup;
			children = (
				D25F5AD21EAFF76400850388 /* Profile.storyboard */,
				37F5B7111EBA3910006D8260 /* EditProfileViewController.swift */,
			);
			name = Profile;
			sourceTree = "<group>";
		};
		4E36BA291ED73CE20022704C /* Tracking */ = {
			isa = PBXGroup;
			children = (
				0A259E611EBFBE950050AC0F /* Tracking.storyboard */,
				01FBE20D1EC3CC18008903C1 /* TrackingViewController.swift */,
			);
			name = Tracking;
			sourceTree = "<group>";
		};
		4E36BA2A1ED73E090022704C /* Statistics */ = {
			isa = PBXGroup;
			children = (
				D25F5ACF1EAFF6A000850388 /* Statistics.storyboard */,
				375A69181F545184006D7EB2 /* StatisticsViewController.swift */,
			);
			name = Statistics;
			sourceTree = "<group>";
		};
		4E36BA2B1ED73E2A0022704C /* Social */ = {
			isa = PBXGroup;
			children = (
				D25F5AD61EAFF7B700850388 /* Social.storyboard */,
				4EAF10B51F531F410000B70D /* SocialViewController.swift */,
				4EAF10B71F5323300000B70D /* Friend.swift */,
				4E209F6D1F534E9700A4773B /* FriendTableViewCell.swift */,
				4E7F36C51F55BCBA002220B5 /* FriendListViewController.swift */,
			);
			name = Social;
			sourceTree = "<group>";
		};
		4E36BA2C1ED73E680022704C /* Settings */ = {
			isa = PBXGroup;
			children = (
				D25F5ADA1EAFFFCD00850388 /* Settings.storyboard */,
				102F26901F4BD2AF001D9907 /* Settings.swift */,
			);
			name = Settings;
			sourceTree = "<group>";
		};
		4EE64FA21F04577A00758004 /* Networking */ = {
			isa = PBXGroup;
			children = (
				4EE64FA31F04579E00758004 /* SessionFactory.swift */,
				4EE64FA51F04583A00758004 /* ClientService.swift */,
			);
			name = Networking;
			sourceTree = "<group>";
		};
/* End PBXGroup section */

/* Begin PBXNativeTarget section */
		491EC5011DE421940077BF82 /* MRNBike */ = {
			isa = PBXNativeTarget;
			buildConfigurationList = 491EC5161DE421950077BF82 /* Build configuration list for PBXNativeTarget "MRNBike" */;
			buildPhases = (
				700702A6D281A5195D29794C /* [CP] Check Pods Manifest.lock */,
				491EC4FE1DE421940077BF82 /* Sources */,
				491EC4FF1DE421940077BF82 /* Frameworks */,
				491EC5001DE421940077BF82 /* Resources */,
				1B768207C7082586570310A7 /* [CP] Embed Pods Frameworks */,
				9A8AFA9807FCACD3BC514829 /* [CP] Copy Pods Resources */,
			);
			buildRules = (
			);
			dependencies = (
			);
			name = MRNBike;
			productName = "Next Gen Biking";
			productReference = 491EC5021DE421940077BF82 /* MRNBike.app */;
			productType = "com.apple.product-type.application";
		};
/* End PBXNativeTarget section */

/* Begin PBXProject section */
		491EC4FA1DE421940077BF82 /* Project object */ = {
			isa = PBXProject;
			attributes = {
				LastSwiftUpdateCheck = 0810;
				LastUpgradeCheck = 0820;
				ORGANIZATIONNAME = "";
				TargetAttributes = {
					491EC5011DE421940077BF82 = {
						CreatedOnToolsVersion = 8.1;
						LastSwiftMigration = 0810;
						ProvisioningStyle = Manual;
						SystemCapabilities = {
							com.apple.Maps.iOS = {
								enabled = 1;
							};
						};
					};
				};
			};
			buildConfigurationList = 491EC4FD1DE421940077BF82 /* Build configuration list for PBXProject "MRNBike" */;
			compatibilityVersion = "Xcode 3.2";
			developmentRegion = English;
			hasScannedForEncodings = 0;
			knownRegions = (
				en,
				Base,
				de,
			);
			mainGroup = 491EC4F91DE421940077BF82;
			productRefGroup = 491EC5031DE421940077BF82 /* Products */;
			projectDirPath = "";
			projectRoot = "";
			targets = (
				491EC5011DE421940077BF82 /* MRNBike */,
			);
		};
/* End PBXProject section */

/* Begin PBXResourcesBuildPhase section */
		491EC5001DE421940077BF82 /* Resources */ = {
			isa = PBXResourcesBuildPhase;
			buildActionMask = 2147483647;
			files = (
				37B601FA1EB0B68000870844 /* Montserrat-SemiBold.otf in Resources */,
				37B601F51EB0B68000870844 /* Montserrat-ExtraBold.otf in Resources */,
				4E046DDA1EFC77F100187B23 /* Routes.storyboard in Resources */,
				37B601F81EB0B68000870844 /* Montserrat-Medium.otf in Resources */,
				D25F5ADB1EAFFFCD00850388 /* Settings.storyboard in Resources */,
				D25F5ACE1EAFF5C900850388 /* Home.storyboard in Resources */,
				01FBE20A1EC3C603008903C1 /* Assets.xcassets in Resources */,
				D25F5AD01EAFF6A000850388 /* Statistics.storyboard in Resources */,
				0A259E621EBFBE950050AC0F /* Tracking.storyboard in Resources */,
				017A79B11EE6DE8A00AA5588 /* conditions.txt in Resources */,
				D25F5AD31EAFF76400850388 /* Profile.storyboard in Resources */,
				37B601F61EB0B68000870844 /* Montserrat-ExtraLight.otf in Resources */,
				0137F17A1EA2778100FCA949 /* Info.plist in Resources */,
				37B601F71EB0B68000870844 /* Montserrat-Light.otf in Resources */,
				D25F5AD71EAFF7B700850388 /* Social.storyboard in Resources */,
				0137F1741EA2778100FCA949 /* Localizable.strings in Resources */,
				0137F1791EA2778100FCA949 /* ConfigList.plist in Resources */,
				019FF7191EE817A90061F8B7 /* Launch Screen.storyboard in Resources */,
				4E7F36C81F55BEA2002220B5 /* Credentials.json in Resources */,
				37B601F31EB0B68000870844 /* Montserrat-Black.otf in Resources */,
				37B601F91EB0B68000870844 /* Montserrat-Regular.otf in Resources */,
				37B601FB1EB0B68000870844 /* Montserrat-Thin.otf in Resources */,
				0137F16A1EA2778100FCA949 /* InfoPlist.strings in Resources */,
				10B2ABCB1F2553BA00847AA6 /* StartPage.storyboard in Resources */,
				37B601F41EB0B68000870844 /* Montserrat-Bold.otf in Resources */,
			);
			runOnlyForDeploymentPostprocessing = 0;
		};
/* End PBXResourcesBuildPhase section */

/* Begin PBXShellScriptBuildPhase section */
		1B768207C7082586570310A7 /* [CP] Embed Pods Frameworks */ = {
			isa = PBXShellScriptBuildPhase;
			buildActionMask = 2147483647;
			files = (
			);
			inputPaths = (
				"${SRCROOT}/Pods/Target Support Files/Pods-MRNBike/Pods-MRNBike-frameworks.sh",
				"${BUILT_PRODUCTS_DIR}/Charts/Charts.framework",
				"${BUILT_PRODUCTS_DIR}/PagingMenuController/PagingMenuController.framework",
			);
			name = "[CP] Embed Pods Frameworks";
			outputPaths = (
				"${TARGET_BUILD_DIR}/${FRAMEWORKS_FOLDER_PATH}/Charts.framework",
				"${TARGET_BUILD_DIR}/${FRAMEWORKS_FOLDER_PATH}/PagingMenuController.framework",
			);
			runOnlyForDeploymentPostprocessing = 0;
			shellPath = /bin/sh;
			shellScript = "\"${SRCROOT}/Pods/Target Support Files/Pods-MRNBike/Pods-MRNBike-frameworks.sh\"\n";
			showEnvVarsInLog = 0;
		};
		700702A6D281A5195D29794C /* [CP] Check Pods Manifest.lock */ = {
			isa = PBXShellScriptBuildPhase;
			buildActionMask = 2147483647;
			files = (
			);
			inputPaths = (
				"${PODS_PODFILE_DIR_PATH}/Podfile.lock",
				"${PODS_ROOT}/Manifest.lock",
			);
			name = "[CP] Check Pods Manifest.lock";
			outputPaths = (
				"$(DERIVED_FILE_DIR)/Pods-MRNBike-checkManifestLockResult.txt",
			);
			runOnlyForDeploymentPostprocessing = 0;
			shellPath = /bin/sh;
			shellScript = "diff \"${PODS_PODFILE_DIR_PATH}/Podfile.lock\" \"${PODS_ROOT}/Manifest.lock\" > /dev/null\nif [ $? != 0 ] ; then\n    # print error to STDERR\n    echo \"error: The sandbox is not in sync with the Podfile.lock. Run 'pod install' or update your CocoaPods installation.\" >&2\n    exit 1\nfi\n# This output is used by Xcode 'outputs' to avoid re-running this script phase.\necho \"SUCCESS\" > \"${SCRIPT_OUTPUT_FILE_0}\"\n";
			showEnvVarsInLog = 0;
		};
		9A8AFA9807FCACD3BC514829 /* [CP] Copy Pods Resources */ = {
			isa = PBXShellScriptBuildPhase;
			buildActionMask = 2147483647;
			files = (
			);
			inputPaths = (
			);
			name = "[CP] Copy Pods Resources";
			outputPaths = (
			);
			runOnlyForDeploymentPostprocessing = 0;
			shellPath = /bin/sh;
			shellScript = "\"${SRCROOT}/Pods/Target Support Files/Pods-MRNBike/Pods-MRNBike-resources.sh\"\n";
			showEnvVarsInLog = 0;
		};
/* End PBXShellScriptBuildPhase section */

/* Begin PBXSourcesBuildPhase section */
		491EC4FE1DE421940077BF82 /* Sources */ = {
			isa = PBXSourcesBuildPhase;
			buildActionMask = 2147483647;
			files = (
				10B9D4D31EC6144100CC7027 /* TourViewController.swift in Sources */,
				108D1CC71F2569E100023F2D /* CreateProfileController.swift in Sources */,
				0137F16C1EA2778100FCA949 /* Configurator.swift in Sources */,
				D29A94671ED0D06E002F619D /* HomeViewController.swift in Sources */,
				102F26911F4BD2AF001D9907 /* Settings.swift in Sources */,
				3777CBA81F2A20DF006240E1 /* RouteTableCell.swift in Sources */,
				01279A2F1EA4D9DF000505AA /* RouteKeys.swift in Sources */,
				4E60E1321EB5CD7F00D96BD1 /* RadioButtonClass.swift in Sources */,
				4E7F36C61F55BCBA002220B5 /* FriendListViewController.swift in Sources */,
				10B2ABCD1F2553F000847AA6 /* TermConditionsViewController.swift in Sources */,
				4E5841FF1EDDBA8700FF1CF6 /* KeyChainService.swift in Sources */,
				10B9D4D71EC6145100CC7027 /* StartPageViewController.swift in Sources */,
				0137F1701EA2778100FCA949 /* TrackPoint.swift in Sources */,
				0137F16E1EA2778100FCA949 /* LocationManager.swift in Sources */,
				01FBE20E1EC3CC18008903C1 /* TrackingViewController.swift in Sources */,
				0137F16F1EA2778100FCA949 /* StorageHelper.swift in Sources */,
				4EAF10B61F531F410000B70D /* SocialViewController.swift in Sources */,
				375A69191F545184006D7EB2 /* StatisticsViewController.swift in Sources */,
				10B9D4E71EC614A000CC7027 /* LocalizationExtensions.swift in Sources */,
				4E209F6E1F534E9700A4773B /* FriendTableViewCell.swift in Sources */,
				108D1CC91F256AED00023F2D /* ViewController.swift in Sources */,
				4EAF10B81F5323300000B70D /* Friend.swift in Sources */,
				0137F1711EA2778100FCA949 /* User.swift in Sources */,
				10B9D4E51EC614A000CC7027 /* CornerView.swift in Sources */,
				37F2FF3D1EB24AEE00ECF6C6 /* RouteReport.swift in Sources */,
				D2D955A61EBD0C3B00E5CACE /* UIImage+color.swift in Sources */,
				4EDDE2551F10DA9E00AFB0FA /* UIAlertCreator.swift in Sources */,
				10B9D4E31EC614A000CC7027 /* Button.swift in Sources */,
				37F5B7121EBA3910006D8260 /* EditProfileViewController.swift in Sources */,
				0137F1681EA2778100FCA949 /* AppDelegate.swift in Sources */,
				373490441F3492F3005BA684 /* RouteLineAnnotation.swift in Sources */,
				10B9D4E41EC614A000CC7027 /* Color.swift in Sources */,
				D20CB72B1EBE25930029007C /* TabBarViewController.swift in Sources */,
				4EE64FA41F04579E00758004 /* SessionFactory.swift in Sources */,
				10B9D4E61EC614A000CC7027 /* Inspectable.swift in Sources */,
				10B9D4D51EC6144900CC7027 /* FirstLogInViewController.swift in Sources */,
				37B6D7D81EB0C1B700CAB733 /* MarksRoutesViewController.swift in Sources */,
				0137F16D1EA2778100FCA949 /* CustomPin.swift in Sources */,
				4EE64FA61F04583A00758004 /* ClientService.swift in Sources */,
				4E975A541EB49BC500D3765C /* AddReportViewController.swift in Sources */,
			);
			runOnlyForDeploymentPostprocessing = 0;
		};
/* End PBXSourcesBuildPhase section */

/* Begin PBXVariantGroup section */
		0137F15A1EA2778100FCA949 /* Localizable.strings */ = {
			isa = PBXVariantGroup;
			children = (
				0137F15B1EA2778100FCA949 /* Base */,
				0137F1601EA2778100FCA949 /* de */,
			);
			name = Localizable.strings;
			path = ../Resources;
			sourceTree = "<group>";
		};
/* End PBXVariantGroup section */

/* Begin XCBuildConfiguration section */
		491EC5141DE421950077BF82 /* Debug */ = {
			isa = XCBuildConfiguration;
			buildSettings = {
				ALWAYS_SEARCH_USER_PATHS = NO;
				CLANG_ANALYZER_LOCALIZABILITY_NONLOCALIZED = YES;
				CLANG_ANALYZER_NONNULL = YES;
				CLANG_CXX_LANGUAGE_STANDARD = "gnu++0x";
				CLANG_CXX_LIBRARY = "libc++";
				CLANG_ENABLE_MODULES = YES;
				CLANG_ENABLE_OBJC_ARC = YES;
				CLANG_WARN_BOOL_CONVERSION = YES;
				CLANG_WARN_CONSTANT_CONVERSION = YES;
				CLANG_WARN_DIRECT_OBJC_ISA_USAGE = YES_ERROR;
				CLANG_WARN_DOCUMENTATION_COMMENTS = YES;
				CLANG_WARN_EMPTY_BODY = YES;
				CLANG_WARN_ENUM_CONVERSION = YES;
				CLANG_WARN_INFINITE_RECURSION = YES;
				CLANG_WARN_INT_CONVERSION = YES;
				CLANG_WARN_OBJC_ROOT_CLASS = YES_ERROR;
				CLANG_WARN_SUSPICIOUS_MOVE = YES;
				CLANG_WARN_SUSPICIOUS_MOVES = YES;
				CLANG_WARN_UNREACHABLE_CODE = YES;
				CLANG_WARN__DUPLICATE_METHOD_MATCH = YES;
				"CODE_SIGN_IDENTITY[sdk=iphoneos*]" = "iPhone Developer";
				COPY_PHASE_STRIP = NO;
				DEBUG_INFORMATION_FORMAT = dwarf;
				ENABLE_STRICT_OBJC_MSGSEND = YES;
				ENABLE_TESTABILITY = YES;
				GCC_C_LANGUAGE_STANDARD = gnu99;
				GCC_DYNAMIC_NO_PIC = NO;
				GCC_NO_COMMON_BLOCKS = YES;
				GCC_OPTIMIZATION_LEVEL = 0;
				GCC_PREPROCESSOR_DEFINITIONS = (
					"DEBUG=1",
					"$(inherited)",
				);
				GCC_WARN_64_TO_32_BIT_CONVERSION = YES;
				GCC_WARN_ABOUT_RETURN_TYPE = YES_ERROR;
				GCC_WARN_UNDECLARED_SELECTOR = YES;
				GCC_WARN_UNINITIALIZED_AUTOS = YES_AGGRESSIVE;
				GCC_WARN_UNUSED_FUNCTION = YES;
				GCC_WARN_UNUSED_VARIABLE = YES;
				IPHONEOS_DEPLOYMENT_TARGET = 10.1;
				MTL_ENABLE_DEBUG_INFO = YES;
				ONLY_ACTIVE_ARCH = YES;
				SDKROOT = iphoneos;
				SWIFT_ACTIVE_COMPILATION_CONDITIONS = DEBUG;
				SWIFT_OPTIMIZATION_LEVEL = "-Onone";
			};
			name = Debug;
		};
		491EC5151DE421950077BF82 /* Release */ = {
			isa = XCBuildConfiguration;
			buildSettings = {
				ALWAYS_SEARCH_USER_PATHS = NO;
				CLANG_ANALYZER_LOCALIZABILITY_NONLOCALIZED = YES;
				CLANG_ANALYZER_NONNULL = YES;
				CLANG_CXX_LANGUAGE_STANDARD = "gnu++0x";
				CLANG_CXX_LIBRARY = "libc++";
				CLANG_ENABLE_MODULES = YES;
				CLANG_ENABLE_OBJC_ARC = YES;
				CLANG_WARN_BOOL_CONVERSION = YES;
				CLANG_WARN_CONSTANT_CONVERSION = YES;
				CLANG_WARN_DIRECT_OBJC_ISA_USAGE = YES_ERROR;
				CLANG_WARN_DOCUMENTATION_COMMENTS = YES;
				CLANG_WARN_EMPTY_BODY = YES;
				CLANG_WARN_ENUM_CONVERSION = YES;
				CLANG_WARN_INFINITE_RECURSION = YES;
				CLANG_WARN_INT_CONVERSION = YES;
				CLANG_WARN_OBJC_ROOT_CLASS = YES_ERROR;
				CLANG_WARN_SUSPICIOUS_MOVE = YES;
				CLANG_WARN_SUSPICIOUS_MOVES = YES;
				CLANG_WARN_UNREACHABLE_CODE = YES;
				CLANG_WARN__DUPLICATE_METHOD_MATCH = YES;
				"CODE_SIGN_IDENTITY[sdk=iphoneos*]" = "iPhone Developer";
				COPY_PHASE_STRIP = NO;
				DEBUG_INFORMATION_FORMAT = "dwarf-with-dsym";
				ENABLE_NS_ASSERTIONS = NO;
				ENABLE_STRICT_OBJC_MSGSEND = YES;
				GCC_C_LANGUAGE_STANDARD = gnu99;
				GCC_NO_COMMON_BLOCKS = YES;
				GCC_WARN_64_TO_32_BIT_CONVERSION = YES;
				GCC_WARN_ABOUT_RETURN_TYPE = YES_ERROR;
				GCC_WARN_UNDECLARED_SELECTOR = YES;
				GCC_WARN_UNINITIALIZED_AUTOS = YES_AGGRESSIVE;
				GCC_WARN_UNUSED_FUNCTION = YES;
				GCC_WARN_UNUSED_VARIABLE = YES;
				IPHONEOS_DEPLOYMENT_TARGET = 10.1;
				MTL_ENABLE_DEBUG_INFO = NO;
				SDKROOT = iphoneos;
				SWIFT_OPTIMIZATION_LEVEL = "-Owholemodule";
				VALIDATE_PRODUCT = YES;
			};
			name = Release;
		};
		491EC5171DE421950077BF82 /* Debug */ = {
			isa = XCBuildConfiguration;
			baseConfigurationReference = 2E5E7D50E0D2BAE34AB25AFA /* Pods-MRNBike.debug.xcconfig */;
			buildSettings = {
				ASSETCATALOG_COMPILER_APPICON_NAME = AppIcon;
				CLANG_ENABLE_MODULES = YES;
				"CODE_SIGN_IDENTITY[sdk=iphoneos*]" = "iPhone Developer";
				DEVELOPMENT_TEAM = "";
				INFOPLIST_FILE = "$(SRCROOT)/MRNBike/SupportingFiles/Info.plist";
				IPHONEOS_DEPLOYMENT_TARGET = 10.1;
				LD_RUNPATH_SEARCH_PATHS = "$(inherited) @executable_path/Frameworks";
				PRODUCT_BUNDLE_IDENTIFIER = com.GEONet.MRNBike;
				PRODUCT_NAME = "$(TARGET_NAME)";
				PROVISIONING_PROFILE = "";
				PROVISIONING_PROFILE_SPECIFIER = "";
				SWIFT_OBJC_BRIDGING_HEADER = "MRNBike/Bridging-Header.h";
				SWIFT_OPTIMIZATION_LEVEL = "-Onone";
				SWIFT_VERSION = 3.0;
			};
			name = Debug;
		};
		491EC5181DE421950077BF82 /* Release */ = {
			isa = XCBuildConfiguration;
			baseConfigurationReference = BAE0D720096135AB1467DB8D /* Pods-MRNBike.release.xcconfig */;
			buildSettings = {
				ASSETCATALOG_COMPILER_APPICON_NAME = AppIcon;
				CLANG_ENABLE_MODULES = YES;
				"CODE_SIGN_IDENTITY[sdk=iphoneos*]" = "iPhone Developer";
				DEVELOPMENT_TEAM = "";
				INFOPLIST_FILE = "$(SRCROOT)/MRNBike/SupportingFiles/Info.plist";
				IPHONEOS_DEPLOYMENT_TARGET = 10.1;
				LD_RUNPATH_SEARCH_PATHS = "$(inherited) @executable_path/Frameworks";
				PRODUCT_BUNDLE_IDENTIFIER = com.GEONet.MRNBike;
				PRODUCT_NAME = "$(TARGET_NAME)";
				PROVISIONING_PROFILE_SPECIFIER = "";
				SWIFT_OBJC_BRIDGING_HEADER = "MRNBike/Bridging-Header.h";
				SWIFT_VERSION = 3.0;
			};
			name = Release;
		};
/* End XCBuildConfiguration section */

/* Begin XCConfigurationList section */
		491EC4FD1DE421940077BF82 /* Build configuration list for PBXProject "MRNBike" */ = {
			isa = XCConfigurationList;
			buildConfigurations = (
				491EC5141DE421950077BF82 /* Debug */,
				491EC5151DE421950077BF82 /* Release */,
			);
			defaultConfigurationIsVisible = 0;
			defaultConfigurationName = Release;
		};
		491EC5161DE421950077BF82 /* Build configuration list for PBXNativeTarget "MRNBike" */ = {
			isa = XCConfigurationList;
			buildConfigurations = (
				491EC5171DE421950077BF82 /* Debug */,
				491EC5181DE421950077BF82 /* Release */,
			);
			defaultConfigurationIsVisible = 0;
			defaultConfigurationName = Release;
		};
/* End XCConfigurationList section */
	};
	rootObject = 491EC4FA1DE421940077BF82 /* Project object */;
}
