// !$*UTF8*$!
{
	archiveVersion = 1;
	classes = {
	};
	objectVersion = 46;
	objects = {

/* Begin PBXBuildFile section */
		01279A2F1EA4D9DF000505AA /* RouteKeys.swift in Sources */ = {isa = PBXBuildFile; fileRef = 01279A2E1EA4D9DF000505AA /* RouteKeys.swift */; };
		0137F1681EA2778100FCA949 /* AppDelegate.swift in Sources */ = {isa = PBXBuildFile; fileRef = 0137F14B1EA2778100FCA949 /* AppDelegate.swift */; };
		0137F1691EA2778100FCA949 /* FirstViewController.swift in Sources */ = {isa = PBXBuildFile; fileRef = 0137F14C1EA2778100FCA949 /* FirstViewController.swift */; };
		0137F16A1EA2778100FCA949 /* InfoPlist.strings in Resources */ = {isa = PBXBuildFile; fileRef = 0137F14D1EA2778100FCA949 /* InfoPlist.strings */; };
		0137F16B1EA2778100FCA949 /* LoginViewController.swift in Sources */ = {isa = PBXBuildFile; fileRef = 0137F14E1EA2778100FCA949 /* LoginViewController.swift */; };
		0137F16C1EA2778100FCA949 /* Configurator.swift in Sources */ = {isa = PBXBuildFile; fileRef = 0137F1501EA2778100FCA949 /* Configurator.swift */; };
		0137F16D1EA2778100FCA949 /* CustomPin.swift in Sources */ = {isa = PBXBuildFile; fileRef = 0137F1511EA2778100FCA949 /* CustomPin.swift */; };
		0137F16E1EA2778100FCA949 /* LocationManager.swift in Sources */ = {isa = PBXBuildFile; fileRef = 0137F1521EA2778100FCA949 /* LocationManager.swift */; };
		0137F16F1EA2778100FCA949 /* StorageHelper.swift in Sources */ = {isa = PBXBuildFile; fileRef = 0137F1531EA2778100FCA949 /* StorageHelper.swift */; };
		0137F1701EA2778100FCA949 /* TrackPoint.swift in Sources */ = {isa = PBXBuildFile; fileRef = 0137F1541EA2778100FCA949 /* TrackPoint.swift */; };
		0137F1711EA2778100FCA949 /* User.swift in Sources */ = {isa = PBXBuildFile; fileRef = 0137F1551EA2778100FCA949 /* User.swift */; };
		0137F1721EA2778100FCA949 /* Assets.xcassets in Resources */ = {isa = PBXBuildFile; fileRef = 0137F1571EA2778100FCA949 /* Assets.xcassets */; };
		0137F1731EA2778100FCA949 /* LaunchScreen.storyboard in Resources */ = {isa = PBXBuildFile; fileRef = 0137F1581EA2778100FCA949 /* LaunchScreen.storyboard */; };
		0137F1741EA2778100FCA949 /* Localizable.strings in Resources */ = {isa = PBXBuildFile; fileRef = 0137F15A1EA2778100FCA949 /* Localizable.strings */; };
		0137F1751EA2778100FCA949 /* Main.storyboard in Resources */ = {isa = PBXBuildFile; fileRef = 0137F15C1EA2778100FCA949 /* Main.storyboard */; };
		0137F1761EA2778100FCA949 /* LaunchScreen.strings in Resources */ = {isa = PBXBuildFile; fileRef = 0137F15E1EA2778100FCA949 /* LaunchScreen.strings */; };
		0137F1771EA2778100FCA949 /* Main.strings in Resources */ = {isa = PBXBuildFile; fileRef = 0137F1611EA2778100FCA949 /* Main.strings */; };
		0137F1781EA2778100FCA949 /* SecondViewController.swift in Sources */ = {isa = PBXBuildFile; fileRef = 0137F1631EA2778100FCA949 /* SecondViewController.swift */; };
		0137F1791EA2778100FCA949 /* ConfigList.plist in Resources */ = {isa = PBXBuildFile; fileRef = 0137F1651EA2778100FCA949 /* ConfigList.plist */; };
		0137F17A1EA2778100FCA949 /* Info.plist in Resources */ = {isa = PBXBuildFile; fileRef = 0137F1661EA2778100FCA949 /* Info.plist */; };
		0137F17B1EA2778100FCA949 /* ThirdViewController.swift in Sources */ = {isa = PBXBuildFile; fileRef = 0137F1671EA2778100FCA949 /* ThirdViewController.swift */; };
		37B601F31EB0B68000870844 /* Montserrat-Black.otf in Resources */ = {isa = PBXBuildFile; fileRef = 37B601E11EB0B68000870844 /* Montserrat-Black.otf */; };
		37B601F41EB0B68000870844 /* Montserrat-Bold.otf in Resources */ = {isa = PBXBuildFile; fileRef = 37B601E21EB0B68000870844 /* Montserrat-Bold.otf */; };
		37B601F51EB0B68000870844 /* Montserrat-ExtraBold.otf in Resources */ = {isa = PBXBuildFile; fileRef = 37B601E31EB0B68000870844 /* Montserrat-ExtraBold.otf */; };
		37B601F61EB0B68000870844 /* Montserrat-ExtraLight.otf in Resources */ = {isa = PBXBuildFile; fileRef = 37B601E41EB0B68000870844 /* Montserrat-ExtraLight.otf */; };
		37B601F71EB0B68000870844 /* Montserrat-Light.otf in Resources */ = {isa = PBXBuildFile; fileRef = 37B601E51EB0B68000870844 /* Montserrat-Light.otf */; };
		37B601F81EB0B68000870844 /* Montserrat-Medium.otf in Resources */ = {isa = PBXBuildFile; fileRef = 37B601E61EB0B68000870844 /* Montserrat-Medium.otf */; };
		37B601F91EB0B68000870844 /* Montserrat-Regular.otf in Resources */ = {isa = PBXBuildFile; fileRef = 37B601E71EB0B68000870844 /* Montserrat-Regular.otf */; };
		37B601FA1EB0B68000870844 /* Montserrat-SemiBold.otf in Resources */ = {isa = PBXBuildFile; fileRef = 37B601E81EB0B68000870844 /* Montserrat-SemiBold.otf */; };
		37B601FB1EB0B68000870844 /* Montserrat-Thin.otf in Resources */ = {isa = PBXBuildFile; fileRef = 37B601E91EB0B68000870844 /* Montserrat-Thin.otf */; };
		37B6D7D81EB0C1B700CAB733 /* MarksRoutesViewController.swift in Sources */ = {isa = PBXBuildFile; fileRef = 37B6D7D71EB0C1B700CAB733 /* MarksRoutesViewController.swift */; };
		491EC51B1DE441430077BF82 /* MapKit.framework in Frameworks */ = {isa = PBXBuildFile; fileRef = 491EC51A1DE441430077BF82 /* MapKit.framework */; };
		D25F5ACC1EAFF59A00850388 /* LandingScreen.storyboard in Resources */ = {isa = PBXBuildFile; fileRef = D25F5ACB1EAFF59A00850388 /* LandingScreen.storyboard */; };
		D25F5ACE1EAFF5C900850388 /* Home.storyboard in Resources */ = {isa = PBXBuildFile; fileRef = D25F5ACD1EAFF5C900850388 /* Home.storyboard */; };
		D25F5AD01EAFF6A000850388 /* Statistics.storyboard in Resources */ = {isa = PBXBuildFile; fileRef = D25F5ACF1EAFF6A000850388 /* Statistics.storyboard */; };
		D25F5AD31EAFF76400850388 /* Profile.storyboard in Resources */ = {isa = PBXBuildFile; fileRef = D25F5AD21EAFF76400850388 /* Profile.storyboard */; };
		D25F5AD51EAFF78400850388 /* Tracking.storyboard in Resources */ = {isa = PBXBuildFile; fileRef = D25F5AD41EAFF78400850388 /* Tracking.storyboard */; };
		D25F5AD71EAFF7B700850388 /* Social.storyboard in Resources */ = {isa = PBXBuildFile; fileRef = D25F5AD61EAFF7B700850388 /* Social.storyboard */; };
		D25F5AD91EAFF7E900850388 /* Routes.storyboard in Resources */ = {isa = PBXBuildFile; fileRef = D25F5AD81EAFF7E900850388 /* Routes.storyboard */; };
		D25F5ADB1EAFFFCD00850388 /* Settings.storyboard in Resources */ = {isa = PBXBuildFile; fileRef = D25F5ADA1EAFFFCD00850388 /* Settings.storyboard */; };
/* End PBXBuildFile section */

/* Begin PBXFileReference section */
		01279A2E1EA4D9DF000505AA /* RouteKeys.swift */ = {isa = PBXFileReference; fileEncoding = 4; lastKnownFileType = sourcecode.swift; path = RouteKeys.swift; sourceTree = "<group>"; };
		0137F14B1EA2778100FCA949 /* AppDelegate.swift */ = {isa = PBXFileReference; fileEncoding = 4; lastKnownFileType = sourcecode.swift; path = AppDelegate.swift; sourceTree = "<group>"; };
		0137F14C1EA2778100FCA949 /* FirstViewController.swift */ = {isa = PBXFileReference; fileEncoding = 4; lastKnownFileType = sourcecode.swift; path = FirstViewController.swift; sourceTree = "<group>"; };
		0137F14D1EA2778100FCA949 /* InfoPlist.strings */ = {isa = PBXFileReference; fileEncoding = 4; lastKnownFileType = text.plist.strings; path = InfoPlist.strings; sourceTree = "<group>"; };
		0137F14E1EA2778100FCA949 /* LoginViewController.swift */ = {isa = PBXFileReference; fileEncoding = 4; lastKnownFileType = sourcecode.swift; path = LoginViewController.swift; sourceTree = "<group>"; };
		0137F1501EA2778100FCA949 /* Configurator.swift */ = {isa = PBXFileReference; fileEncoding = 4; lastKnownFileType = sourcecode.swift; path = Configurator.swift; sourceTree = "<group>"; };
		0137F1511EA2778100FCA949 /* CustomPin.swift */ = {isa = PBXFileReference; fileEncoding = 4; lastKnownFileType = sourcecode.swift; path = CustomPin.swift; sourceTree = "<group>"; };
		0137F1521EA2778100FCA949 /* LocationManager.swift */ = {isa = PBXFileReference; fileEncoding = 4; lastKnownFileType = sourcecode.swift; path = LocationManager.swift; sourceTree = "<group>"; };
		0137F1531EA2778100FCA949 /* StorageHelper.swift */ = {isa = PBXFileReference; fileEncoding = 4; lastKnownFileType = sourcecode.swift; path = StorageHelper.swift; sourceTree = "<group>"; };
		0137F1541EA2778100FCA949 /* TrackPoint.swift */ = {isa = PBXFileReference; fileEncoding = 4; lastKnownFileType = sourcecode.swift; path = TrackPoint.swift; sourceTree = "<group>"; };
		0137F1551EA2778100FCA949 /* User.swift */ = {isa = PBXFileReference; fileEncoding = 4; lastKnownFileType = sourcecode.swift; path = User.swift; sourceTree = "<group>"; };
		0137F1571EA2778100FCA949 /* Assets.xcassets */ = {isa = PBXFileReference; lastKnownFileType = folder.assetcatalog; path = Assets.xcassets; sourceTree = "<group>"; };
		0137F1591EA2778100FCA949 /* Base */ = {isa = PBXFileReference; lastKnownFileType = file.storyboard; name = Base; path = Base.lproj/LaunchScreen.storyboard; sourceTree = "<group>"; };
		0137F15B1EA2778100FCA949 /* Base */ = {isa = PBXFileReference; lastKnownFileType = text.plist.strings; name = Base; path = Base.lproj/Localizable.strings; sourceTree = "<group>"; };
		0137F15D1EA2778100FCA949 /* Base */ = {isa = PBXFileReference; lastKnownFileType = file.storyboard; name = Base; path = Base.lproj/Main.storyboard; sourceTree = "<group>"; };
		0137F15F1EA2778100FCA949 /* de */ = {isa = PBXFileReference; lastKnownFileType = text.plist.strings; name = de; path = de.lproj/LaunchScreen.strings; sourceTree = "<group>"; };
		0137F1601EA2778100FCA949 /* de */ = {isa = PBXFileReference; lastKnownFileType = text.plist.strings; name = de; path = de.lproj/Localizable.strings; sourceTree = "<group>"; };
		0137F1621EA2778100FCA949 /* de */ = {isa = PBXFileReference; lastKnownFileType = text.plist.strings; name = de; path = de.lproj/Main.strings; sourceTree = "<group>"; };
		0137F1631EA2778100FCA949 /* SecondViewController.swift */ = {isa = PBXFileReference; fileEncoding = 4; lastKnownFileType = sourcecode.swift; path = SecondViewController.swift; sourceTree = "<group>"; };
		0137F1651EA2778100FCA949 /* ConfigList.plist */ = {isa = PBXFileReference; fileEncoding = 4; lastKnownFileType = text.plist.xml; path = ConfigList.plist; sourceTree = "<group>"; };
		0137F1661EA2778100FCA949 /* Info.plist */ = {isa = PBXFileReference; fileEncoding = 4; lastKnownFileType = text.plist.xml; path = Info.plist; sourceTree = "<group>"; };
		0137F1671EA2778100FCA949 /* ThirdViewController.swift */ = {isa = PBXFileReference; fileEncoding = 4; lastKnownFileType = sourcecode.swift; path = ThirdViewController.swift; sourceTree = "<group>"; };
		37B601E11EB0B68000870844 /* Montserrat-Black.otf */ = {isa = PBXFileReference; lastKnownFileType = file; name = "Montserrat-Black.otf"; path = "../../../../../../../../Downloads/montserrat/Montserrat-Black.otf"; sourceTree = "<group>"; };
		37B601E21EB0B68000870844 /* Montserrat-Bold.otf */ = {isa = PBXFileReference; lastKnownFileType = file; name = "Montserrat-Bold.otf"; path = "../../../../../../../../Downloads/montserrat/Montserrat-Bold.otf"; sourceTree = "<group>"; };
		37B601E31EB0B68000870844 /* Montserrat-ExtraBold.otf */ = {isa = PBXFileReference; lastKnownFileType = file; name = "Montserrat-ExtraBold.otf"; path = "../../../../../../../../Downloads/montserrat/Montserrat-ExtraBold.otf"; sourceTree = "<group>"; };
		37B601E41EB0B68000870844 /* Montserrat-ExtraLight.otf */ = {isa = PBXFileReference; lastKnownFileType = file; name = "Montserrat-ExtraLight.otf"; path = "../../../../../../../../Downloads/montserrat/Montserrat-ExtraLight.otf"; sourceTree = "<group>"; };
		37B601E51EB0B68000870844 /* Montserrat-Light.otf */ = {isa = PBXFileReference; lastKnownFileType = file; name = "Montserrat-Light.otf"; path = "../../../../../../../../Downloads/montserrat/Montserrat-Light.otf"; sourceTree = "<group>"; };
		37B601E61EB0B68000870844 /* Montserrat-Medium.otf */ = {isa = PBXFileReference; lastKnownFileType = file; name = "Montserrat-Medium.otf"; path = "../../../../../../../../Downloads/montserrat/Montserrat-Medium.otf"; sourceTree = "<group>"; };
		37B601E71EB0B68000870844 /* Montserrat-Regular.otf */ = {isa = PBXFileReference; lastKnownFileType = file; name = "Montserrat-Regular.otf"; path = "../../../../../../../../Downloads/montserrat/Montserrat-Regular.otf"; sourceTree = "<group>"; };
		37B601E81EB0B68000870844 /* Montserrat-SemiBold.otf */ = {isa = PBXFileReference; lastKnownFileType = file; name = "Montserrat-SemiBold.otf"; path = "../../../../../../../../Downloads/montserrat/Montserrat-SemiBold.otf"; sourceTree = "<group>"; };
		37B601E91EB0B68000870844 /* Montserrat-Thin.otf */ = {isa = PBXFileReference; lastKnownFileType = file; name = "Montserrat-Thin.otf"; path = "../../../../../../../../Downloads/montserrat/Montserrat-Thin.otf"; sourceTree = "<group>"; };
		37B6D7D71EB0C1B700CAB733 /* MarksRoutesViewController.swift */ = {isa = PBXFileReference; fileEncoding = 4; lastKnownFileType = sourcecode.swift; path = MarksRoutesViewController.swift; sourceTree = "<group>"; };
		491EC5021DE421940077BF82 /* MRNBike.app */ = {isa = PBXFileReference; explicitFileType = wrapper.application; includeInIndex = 0; path = MRNBike.app; sourceTree = BUILT_PRODUCTS_DIR; };
		491EC51A1DE441430077BF82 /* MapKit.framework */ = {isa = PBXFileReference; lastKnownFileType = wrapper.framework; name = MapKit.framework; path = System/Library/Frameworks/MapKit.framework; sourceTree = SDKROOT; };
		493173EE1DED7CB0007D4A74 /* libsqlite3.tbd */ = {isa = PBXFileReference; lastKnownFileType = "sourcecode.text-based-dylib-definition"; name = libsqlite3.tbd; path = usr/lib/libsqlite3.tbd; sourceTree = SDKROOT; };
		493173F51DEDA5D2007D4A74 /* libsqlite3.0.tbd */ = {isa = PBXFileReference; lastKnownFileType = "sourcecode.text-based-dylib-definition"; name = libsqlite3.0.tbd; path = usr/lib/libsqlite3.0.tbd; sourceTree = SDKROOT; };
		D25F5ACB1EAFF59A00850388 /* LandingScreen.storyboard */ = {isa = PBXFileReference; fileEncoding = 4; lastKnownFileType = file.storyboard; path = LandingScreen.storyboard; sourceTree = "<group>"; };
		D25F5ACD1EAFF5C900850388 /* Home.storyboard */ = {isa = PBXFileReference; fileEncoding = 4; lastKnownFileType = file.storyboard; path = Home.storyboard; sourceTree = "<group>"; };
		D25F5ACF1EAFF6A000850388 /* Statistics.storyboard */ = {isa = PBXFileReference; fileEncoding = 4; lastKnownFileType = file.storyboard; path = Statistics.storyboard; sourceTree = "<group>"; };
		D25F5AD21EAFF76400850388 /* Profile.storyboard */ = {isa = PBXFileReference; fileEncoding = 4; lastKnownFileType = file.storyboard; path = Profile.storyboard; sourceTree = "<group>"; };
		D25F5AD41EAFF78400850388 /* Tracking.storyboard */ = {isa = PBXFileReference; fileEncoding = 4; lastKnownFileType = file.storyboard; path = Tracking.storyboard; sourceTree = "<group>"; };
		D25F5AD61EAFF7B700850388 /* Social.storyboard */ = {isa = PBXFileReference; fileEncoding = 4; lastKnownFileType = file.storyboard; path = Social.storyboard; sourceTree = "<group>"; };
		D25F5AD81EAFF7E900850388 /* Routes.storyboard */ = {isa = PBXFileReference; fileEncoding = 4; lastKnownFileType = file.storyboard; path = Routes.storyboard; sourceTree = "<group>"; };
		D25F5ADA1EAFFFCD00850388 /* Settings.storyboard */ = {isa = PBXFileReference; fileEncoding = 4; lastKnownFileType = file.storyboard; path = Settings.storyboard; sourceTree = "<group>"; };
/* End PBXFileReference section */

/* Begin PBXFrameworksBuildPhase section */
		491EC4FF1DE421940077BF82 /* Frameworks */ = {
			isa = PBXFrameworksBuildPhase;
			buildActionMask = 2147483647;
			files = (
				491EC51B1DE441430077BF82 /* MapKit.framework in Frameworks */,
			);
			runOnlyForDeploymentPostprocessing = 0;
		};
/* End PBXFrameworksBuildPhase section */

/* Begin PBXGroup section */
		0137F14A1EA2778100FCA949 /* MRNBike */ = {
			isa = PBXGroup;
			children = (
				0137F14B1EA2778100FCA949 /* AppDelegate.swift */,
				0137F14C1EA2778100FCA949 /* FirstViewController.swift */,
				0137F14D1EA2778100FCA949 /* InfoPlist.strings */,
				0137F14E1EA2778100FCA949 /* LoginViewController.swift */,
				0137F14F1EA2778100FCA949 /* Model */,
				0137F1561EA2778100FCA949 /* Resources */,
				0137F1631EA2778100FCA949 /* SecondViewController.swift */,
				0137F1641EA2778100FCA949 /* SupportingFiles */,
				0137F1671EA2778100FCA949 /* ThirdViewController.swift */,
				37B6D7D71EB0C1B700CAB733 /* MarksRoutesViewController.swift */,
			);
			path = MRNBike;
			sourceTree = "<group>";
		};
		0137F14F1EA2778100FCA949 /* Model */ = {
			isa = PBXGroup;
			children = (
				0137F1501EA2778100FCA949 /* Configurator.swift */,
				0137F1511EA2778100FCA949 /* CustomPin.swift */,
				0137F1521EA2778100FCA949 /* LocationManager.swift */,
				0137F1531EA2778100FCA949 /* StorageHelper.swift */,
				0137F1541EA2778100FCA949 /* TrackPoint.swift */,
				0137F1551EA2778100FCA949 /* User.swift */,
				01279A2E1EA4D9DF000505AA /* RouteKeys.swift */,
			);
			path = Model;
			sourceTree = "<group>";
		};
		0137F1561EA2778100FCA949 /* Resources */ = {
			isa = PBXGroup;
			children = (
				37B601E01EB0B66A00870844 /* Fonts */,
				0137F1571EA2778100FCA949 /* Assets.xcassets */,
				0137F1581EA2778100FCA949 /* LaunchScreen.storyboard */,
				0137F15A1EA2778100FCA949 /* Localizable.strings */,
				0137F15C1EA2778100FCA949 /* Main.storyboard */,
				0137F15E1EA2778100FCA949 /* LaunchScreen.strings */,
				0137F1611EA2778100FCA949 /* Main.strings */,
				D25F5ACB1EAFF59A00850388 /* LandingScreen.storyboard */,
				D25F5ACD1EAFF5C900850388 /* Home.storyboard */,
				D25F5ACF1EAFF6A000850388 /* Statistics.storyboard */,
				D25F5AD21EAFF76400850388 /* Profile.storyboard */,
				D25F5AD41EAFF78400850388 /* Tracking.storyboard */,
				D25F5AD61EAFF7B700850388 /* Social.storyboard */,
				D25F5AD81EAFF7E900850388 /* Routes.storyboard */,
				D25F5ADA1EAFFFCD00850388 /* Settings.storyboard */,
			);
			path = Resources;
			sourceTree = "<group>";
		};
		0137F1641EA2778100FCA949 /* SupportingFiles */ = {
			isa = PBXGroup;
			children = (
				0137F1651EA2778100FCA949 /* ConfigList.plist */,
				0137F1661EA2778100FCA949 /* Info.plist */,
			);
			path = SupportingFiles;
			sourceTree = "<group>";
		};
		37B601E01EB0B66A00870844 /* Fonts */ = {
			isa = PBXGroup;
			children = (
				37B601E11EB0B68000870844 /* Montserrat-Black.otf */,
				37B601E21EB0B68000870844 /* Montserrat-Bold.otf */,
				37B601E31EB0B68000870844 /* Montserrat-ExtraBold.otf */,
				37B601E41EB0B68000870844 /* Montserrat-ExtraLight.otf */,
				37B601E51EB0B68000870844 /* Montserrat-Light.otf */,
				37B601E61EB0B68000870844 /* Montserrat-Medium.otf */,
				37B601E71EB0B68000870844 /* Montserrat-Regular.otf */,
				37B601E81EB0B68000870844 /* Montserrat-SemiBold.otf */,
				37B601E91EB0B68000870844 /* Montserrat-Thin.otf */,
			);
			name = Fonts;
			sourceTree = "<group>";
		};
		491EC4F91DE421940077BF82 = {
			isa = PBXGroup;
			children = (
				0137F14A1EA2778100FCA949 /* MRNBike */,
				491EC5031DE421940077BF82 /* Products */,
				491EC5191DE441430077BF82 /* Frameworks */,
			);
			sourceTree = "<group>";
		};
		491EC5031DE421940077BF82 /* Products */ = {
			isa = PBXGroup;
			children = (
				491EC5021DE421940077BF82 /* MRNBike.app */,
			);
			name = Products;
			sourceTree = "<group>";
		};
		491EC5191DE441430077BF82 /* Frameworks */ = {
			isa = PBXGroup;
			children = (
				493173F51DEDA5D2007D4A74 /* libsqlite3.0.tbd */,
				493173EE1DED7CB0007D4A74 /* libsqlite3.tbd */,
				491EC51A1DE441430077BF82 /* MapKit.framework */,
			);
			name = Frameworks;
			sourceTree = "<group>";
		};
/* End PBXGroup section */

/* Begin PBXNativeTarget section */
		491EC5011DE421940077BF82 /* MRNBike */ = {
			isa = PBXNativeTarget;
			buildConfigurationList = 491EC5161DE421950077BF82 /* Build configuration list for PBXNativeTarget "MRNBike" */;
			buildPhases = (
				491EC4FE1DE421940077BF82 /* Sources */,
				491EC4FF1DE421940077BF82 /* Frameworks */,
				491EC5001DE421940077BF82 /* Resources */,
			);
			buildRules = (
			);
			dependencies = (
			);
			name = MRNBike;
			productName = "Next Gen Biking";
			productReference = 491EC5021DE421940077BF82 /* MRNBike.app */;
			productType = "com.apple.product-type.application";
		};
/* End PBXNativeTarget section */

/* Begin PBXProject section */
		491EC4FA1DE421940077BF82 /* Project object */ = {
			isa = PBXProject;
			attributes = {
				LastSwiftUpdateCheck = 0810;
				LastUpgradeCheck = 0820;
				ORGANIZATIONNAME = "Marc Bormeth";
				TargetAttributes = {
					491EC5011DE421940077BF82 = {
						CreatedOnToolsVersion = 8.1;
						LastSwiftMigration = 0810;
						ProvisioningStyle = Manual;
						SystemCapabilities = {
							com.apple.Maps.iOS = {
								enabled = 1;
							};
						};
					};
				};
			};
			buildConfigurationList = 491EC4FD1DE421940077BF82 /* Build configuration list for PBXProject "MRNBike" */;
			compatibilityVersion = "Xcode 3.2";
			developmentRegion = English;
			hasScannedForEncodings = 0;
			knownRegions = (
				en,
				Base,
				de,
			);
			mainGroup = 491EC4F91DE421940077BF82;
			productRefGroup = 491EC5031DE421940077BF82 /* Products */;
			projectDirPath = "";
			projectRoot = "";
			targets = (
				491EC5011DE421940077BF82 /* MRNBike */,
			);
		};
/* End PBXProject section */

/* Begin PBXResourcesBuildPhase section */
		491EC5001DE421940077BF82 /* Resources */ = {
			isa = PBXResourcesBuildPhase;
			buildActionMask = 2147483647;
			files = (
				37B601FA1EB0B68000870844 /* Montserrat-SemiBold.otf in Resources */,
				37B601F51EB0B68000870844 /* Montserrat-ExtraBold.otf in Resources */,
				37B601F81EB0B68000870844 /* Montserrat-Medium.otf in Resources */,
				0137F1731EA2778100FCA949 /* LaunchScreen.storyboard in Resources */,
				D25F5ADB1EAFFFCD00850388 /* Settings.storyboard in Resources */,
				D25F5ACE1EAFF5C900850388 /* Home.storyboard in Resources */,
				0137F1761EA2778100FCA949 /* LaunchScreen.strings in Resources */,
				D25F5AD01EAFF6A000850388 /* Statistics.storyboard in Resources */,
				D25F5ACC1EAFF59A00850388 /* LandingScreen.storyboard in Resources */,
				D25F5AD31EAFF76400850388 /* Profile.storyboard in Resources */,
				37B601F61EB0B68000870844 /* Montserrat-ExtraLight.otf in Resources */,
				0137F17A1EA2778100FCA949 /* Info.plist in Resources */,
				37B601F71EB0B68000870844 /* Montserrat-Light.otf in Resources */,
				0137F1751EA2778100FCA949 /* Main.storyboard in Resources */,
				D25F5AD71EAFF7B700850388 /* Social.storyboard in Resources */,
				0137F1741EA2778100FCA949 /* Localizable.strings in Resources */,
				D25F5AD91EAFF7E900850388 /* Routes.storyboard in Resources */,
				0137F1791EA2778100FCA949 /* ConfigList.plist in Resources */,
				37B601F31EB0B68000870844 /* Montserrat-Black.otf in Resources */,
				37B601F91EB0B68000870844 /* Montserrat-Regular.otf in Resources */,
				37B601FB1EB0B68000870844 /* Montserrat-Thin.otf in Resources */,
				0137F1771EA2778100FCA949 /* Main.strings in Resources */,
				D25F5AD51EAFF78400850388 /* Tracking.storyboard in Resources */,
				0137F1721EA2778100FCA949 /* Assets.xcassets in Resources */,
				0137F16A1EA2778100FCA949 /* InfoPlist.strings in Resources */,
				37B601F41EB0B68000870844 /* Montserrat-Bold.otf in Resources */,
			);
			runOnlyForDeploymentPostprocessing = 0;
		};
/* End PBXResourcesBuildPhase section */

/* Begin PBXSourcesBuildPhase section */
		491EC4FE1DE421940077BF82 /* Sources */ = {
			isa = PBXSourcesBuildPhase;
			buildActionMask = 2147483647;
			files = (
				0137F16C1EA2778100FCA949 /* Configurator.swift in Sources */,
				01279A2F1EA4D9DF000505AA /* RouteKeys.swift in Sources */,
				0137F16B1EA2778100FCA949 /* LoginViewController.swift in Sources */,
				0137F1701EA2778100FCA949 /* TrackPoint.swift in Sources */,
				0137F16E1EA2778100FCA949 /* LocationManager.swift in Sources */,
				0137F16F1EA2778100FCA949 /* StorageHelper.swift in Sources */,
				0137F1711EA2778100FCA949 /* User.swift in Sources */,
				0137F1681EA2778100FCA949 /* AppDelegate.swift in Sources */,
				0137F1691EA2778100FCA949 /* FirstViewController.swift in Sources */,
				0137F17B1EA2778100FCA949 /* ThirdViewController.swift in Sources */,
				37B6D7D81EB0C1B700CAB733 /* MarksRoutesViewController.swift in Sources */,
				0137F1781EA2778100FCA949 /* SecondViewController.swift in Sources */,
				0137F16D1EA2778100FCA949 /* CustomPin.swift in Sources */,
			);
			runOnlyForDeploymentPostprocessing = 0;
		};
/* End PBXSourcesBuildPhase section */

/* Begin PBXVariantGroup section */
		0137F1581EA2778100FCA949 /* LaunchScreen.storyboard */ = {
			isa = PBXVariantGroup;
			children = (
				0137F1591EA2778100FCA949 /* Base */,
			);
			name = LaunchScreen.storyboard;
			sourceTree = "<group>";
		};
		0137F15A1EA2778100FCA949 /* Localizable.strings */ = {
			isa = PBXVariantGroup;
			children = (
				0137F15B1EA2778100FCA949 /* Base */,
				0137F1601EA2778100FCA949 /* de */,
			);
			name = Localizable.strings;
			sourceTree = "<group>";
		};
		0137F15C1EA2778100FCA949 /* Main.storyboard */ = {
			isa = PBXVariantGroup;
			children = (
				0137F15D1EA2778100FCA949 /* Base */,
			);
			name = Main.storyboard;
			sourceTree = "<group>";
		};
		0137F15E1EA2778100FCA949 /* LaunchScreen.strings */ = {
			isa = PBXVariantGroup;
			children = (
				0137F15F1EA2778100FCA949 /* de */,
			);
			name = LaunchScreen.strings;
			sourceTree = "<group>";
		};
		0137F1611EA2778100FCA949 /* Main.strings */ = {
			isa = PBXVariantGroup;
			children = (
				0137F1621EA2778100FCA949 /* de */,
			);
			name = Main.strings;
			sourceTree = "<group>";
		};
/* End PBXVariantGroup section */

/* Begin XCBuildConfiguration section */
		491EC5141DE421950077BF82 /* Debug */ = {
			isa = XCBuildConfiguration;
			buildSettings = {
				ALWAYS_SEARCH_USER_PATHS = NO;
				CLANG_ANALYZER_LOCALIZABILITY_NONLOCALIZED = YES;
				CLANG_ANALYZER_NONNULL = YES;
				CLANG_CXX_LANGUAGE_STANDARD = "gnu++0x";
				CLANG_CXX_LIBRARY = "libc++";
				CLANG_ENABLE_MODULES = YES;
				CLANG_ENABLE_OBJC_ARC = YES;
				CLANG_WARN_BOOL_CONVERSION = YES;
				CLANG_WARN_CONSTANT_CONVERSION = YES;
				CLANG_WARN_DIRECT_OBJC_ISA_USAGE = YES_ERROR;
				CLANG_WARN_DOCUMENTATION_COMMENTS = YES;
				CLANG_WARN_EMPTY_BODY = YES;
				CLANG_WARN_ENUM_CONVERSION = YES;
				CLANG_WARN_INFINITE_RECURSION = YES;
				CLANG_WARN_INT_CONVERSION = YES;
				CLANG_WARN_OBJC_ROOT_CLASS = YES_ERROR;
				CLANG_WARN_SUSPICIOUS_MOVE = YES;
				CLANG_WARN_SUSPICIOUS_MOVES = YES;
				CLANG_WARN_UNREACHABLE_CODE = YES;
				CLANG_WARN__DUPLICATE_METHOD_MATCH = YES;
				"CODE_SIGN_IDENTITY[sdk=iphoneos*]" = "iPhone Developer";
				COPY_PHASE_STRIP = NO;
				DEBUG_INFORMATION_FORMAT = dwarf;
				ENABLE_STRICT_OBJC_MSGSEND = YES;
				ENABLE_TESTABILITY = YES;
				GCC_C_LANGUAGE_STANDARD = gnu99;
				GCC_DYNAMIC_NO_PIC = NO;
				GCC_NO_COMMON_BLOCKS = YES;
				GCC_OPTIMIZATION_LEVEL = 0;
				GCC_PREPROCESSOR_DEFINITIONS = (
					"DEBUG=1",
					"$(inherited)",
				);
				GCC_WARN_64_TO_32_BIT_CONVERSION = YES;
				GCC_WARN_ABOUT_RETURN_TYPE = YES_ERROR;
				GCC_WARN_UNDECLARED_SELECTOR = YES;
				GCC_WARN_UNINITIALIZED_AUTOS = YES_AGGRESSIVE;
				GCC_WARN_UNUSED_FUNCTION = YES;
				GCC_WARN_UNUSED_VARIABLE = YES;
				IPHONEOS_DEPLOYMENT_TARGET = 10.1;
				MTL_ENABLE_DEBUG_INFO = YES;
				ONLY_ACTIVE_ARCH = YES;
				SDKROOT = iphoneos;
				SWIFT_ACTIVE_COMPILATION_CONDITIONS = DEBUG;
				SWIFT_OPTIMIZATION_LEVEL = "-Onone";
			};
			name = Debug;
		};
		491EC5151DE421950077BF82 /* Release */ = {
			isa = XCBuildConfiguration;
			buildSettings = {
				ALWAYS_SEARCH_USER_PATHS = NO;
				CLANG_ANALYZER_LOCALIZABILITY_NONLOCALIZED = YES;
				CLANG_ANALYZER_NONNULL = YES;
				CLANG_CXX_LANGUAGE_STANDARD = "gnu++0x";
				CLANG_CXX_LIBRARY = "libc++";
				CLANG_ENABLE_MODULES = YES;
				CLANG_ENABLE_OBJC_ARC = YES;
				CLANG_WARN_BOOL_CONVERSION = YES;
				CLANG_WARN_CONSTANT_CONVERSION = YES;
				CLANG_WARN_DIRECT_OBJC_ISA_USAGE = YES_ERROR;
				CLANG_WARN_DOCUMENTATION_COMMENTS = YES;
				CLANG_WARN_EMPTY_BODY = YES;
				CLANG_WARN_ENUM_CONVERSION = YES;
				CLANG_WARN_INFINITE_RECURSION = YES;
				CLANG_WARN_INT_CONVERSION = YES;
				CLANG_WARN_OBJC_ROOT_CLASS = YES_ERROR;
				CLANG_WARN_SUSPICIOUS_MOVE = YES;
				CLANG_WARN_SUSPICIOUS_MOVES = YES;
				CLANG_WARN_UNREACHABLE_CODE = YES;
				CLANG_WARN__DUPLICATE_METHOD_MATCH = YES;
				"CODE_SIGN_IDENTITY[sdk=iphoneos*]" = "iPhone Developer";
				COPY_PHASE_STRIP = NO;
				DEBUG_INFORMATION_FORMAT = "dwarf-with-dsym";
				ENABLE_NS_ASSERTIONS = NO;
				ENABLE_STRICT_OBJC_MSGSEND = YES;
				GCC_C_LANGUAGE_STANDARD = gnu99;
				GCC_NO_COMMON_BLOCKS = YES;
				GCC_WARN_64_TO_32_BIT_CONVERSION = YES;
				GCC_WARN_ABOUT_RETURN_TYPE = YES_ERROR;
				GCC_WARN_UNDECLARED_SELECTOR = YES;
				GCC_WARN_UNINITIALIZED_AUTOS = YES_AGGRESSIVE;
				GCC_WARN_UNUSED_FUNCTION = YES;
				GCC_WARN_UNUSED_VARIABLE = YES;
				IPHONEOS_DEPLOYMENT_TARGET = 10.1;
				MTL_ENABLE_DEBUG_INFO = NO;
				SDKROOT = iphoneos;
				SWIFT_OPTIMIZATION_LEVEL = "-Owholemodule";
				VALIDATE_PRODUCT = YES;
			};
			name = Release;
		};
		491EC5171DE421950077BF82 /* Debug */ = {
			isa = XCBuildConfiguration;
			buildSettings = {
				ASSETCATALOG_COMPILER_APPICON_NAME = AppIcon;
				CLANG_ENABLE_MODULES = YES;
				"CODE_SIGN_IDENTITY[sdk=iphoneos*]" = "iPhone Developer";
				DEVELOPMENT_TEAM = "";
				INFOPLIST_FILE = "$(SRCROOT)/MRNBike/SupportingFiles/Info.plist";
				IPHONEOS_DEPLOYMENT_TARGET = 10.1;
				LD_RUNPATH_SEARCH_PATHS = "$(inherited) @executable_path/Frameworks";
				PRODUCT_BUNDLE_IDENTIFIER = com.sap.nextgen.MRNBike;
				PRODUCT_NAME = "$(TARGET_NAME)";
				PROVISIONING_PROFILE_SPECIFIER = "";
				SWIFT_OPTIMIZATION_LEVEL = "-Onone";
				SWIFT_VERSION = 3.0;
			};
			name = Debug;
		};
		491EC5181DE421950077BF82 /* Release */ = {
			isa = XCBuildConfiguration;
			buildSettings = {
				ASSETCATALOG_COMPILER_APPICON_NAME = AppIcon;
				CLANG_ENABLE_MODULES = YES;
				"CODE_SIGN_IDENTITY[sdk=iphoneos*]" = "iPhone Developer";
				DEVELOPMENT_TEAM = "";
				INFOPLIST_FILE = "$(SRCROOT)/MRNBike/SupportingFiles/Info.plist";
				IPHONEOS_DEPLOYMENT_TARGET = 10.1;
				LD_RUNPATH_SEARCH_PATHS = "$(inherited) @executable_path/Frameworks";
				PRODUCT_BUNDLE_IDENTIFIER = com.sap.nextgen.MRNBike;
				PRODUCT_NAME = "$(TARGET_NAME)";
				PROVISIONING_PROFILE_SPECIFIER = "";
				SWIFT_VERSION = 3.0;
			};
			name = Release;
		};
/* End XCBuildConfiguration section */

/* Begin XCConfigurationList section */
		491EC4FD1DE421940077BF82 /* Build configuration list for PBXProject "MRNBike" */ = {
			isa = XCConfigurationList;
			buildConfigurations = (
				491EC5141DE421950077BF82 /* Debug */,
				491EC5151DE421950077BF82 /* Release */,
			);
			defaultConfigurationIsVisible = 0;
			defaultConfigurationName = Release;
		};
		491EC5161DE421950077BF82 /* Build configuration list for PBXNativeTarget "MRNBike" */ = {
			isa = XCConfigurationList;
			buildConfigurations = (
				491EC5171DE421950077BF82 /* Debug */,
				491EC5181DE421950077BF82 /* Release */,
			);
			defaultConfigurationIsVisible = 0;
			defaultConfigurationName = Release;
		};
/* End XCConfigurationList section */
	};
	rootObject = 491EC4FA1DE421940077BF82 /* Project object */;
}
